// !$*UTF8*$!
{
	archiveVersion = 1;
	classes = {
	};
	objectVersion = 48;
	objects = {

/* Begin PBXBuildFile section */
		5B7385FF1ED78ED200F9E6CC /* APIClient.swift in Sources */ = {isa = PBXBuildFile; fileRef = 5B7385D91ED78ED200F9E6CC /* APIClient.swift */; };
		5B7386001ED78ED200F9E6CC /* ClientError.swift in Sources */ = {isa = PBXBuildFile; fileRef = 5B7385DA1ED78ED200F9E6CC /* ClientError.swift */; };
		5B7386011ED78ED200F9E6CC /* CharacterSet.swift in Sources */ = {isa = PBXBuildFile; fileRef = 5B7385DC1ED78ED200F9E6CC /* CharacterSet.swift */; };
		5B7386021ED78ED200F9E6CC /* Data.swift in Sources */ = {isa = PBXBuildFile; fileRef = 5B7385DD1ED78ED200F9E6CC /* Data.swift */; };
		5B7386041ED78ED200F9E6CC /* URLComponents.swift in Sources */ = {isa = PBXBuildFile; fileRef = 5B7385DF1ED78ED200F9E6CC /* URLComponents.swift */; };
		5B7386051ED78ED200F9E6CC /* URLRequest.swift in Sources */ = {isa = PBXBuildFile; fileRef = 5B7385E01ED78ED200F9E6CC /* URLRequest.swift */; };
		5B7386061ED78ED200F9E6CC /* Functions.swift in Sources */ = {isa = PBXBuildFile; fileRef = 5B7385E11ED78ED200F9E6CC /* Functions.swift */; };
		5B7386071ED78ED200F9E6CC /* HTTPMethod.swift in Sources */ = {isa = PBXBuildFile; fileRef = 5B7385E21ED78ED200F9E6CC /* HTTPMethod.swift */; };
		5B7386091ED78ED200F9E6CC /* ACL.swift in Sources */ = {isa = PBXBuildFile; fileRef = 5B7385E51ED78ED200F9E6CC /* ACL.swift */; };
		5B73860A1ED78ED200F9E6CC /* Channel.swift in Sources */ = {isa = PBXBuildFile; fileRef = 5B7385E61ED78ED200F9E6CC /* Channel.swift */; };
		5B73860B1ED78ED200F9E6CC /* Client.swift in Sources */ = {isa = PBXBuildFile; fileRef = 5B7385E71ED78ED200F9E6CC /* Client.swift */; };
		5B73860C1ED78ED200F9E6CC /* Configuration.swift in Sources */ = {isa = PBXBuildFile; fileRef = 5B7385E81ED78ED200F9E6CC /* Configuration.swift */; };
		5B73860D1ED78ED200F9E6CC /* Content.swift in Sources */ = {isa = PBXBuildFile; fileRef = 5B7385E91ED78ED200F9E6CC /* Content.swift */; };
		5B73860E1ED78ED200F9E6CC /* Explore.swift in Sources */ = {isa = PBXBuildFile; fileRef = 5B7385EA1ED78ED200F9E6CC /* Explore.swift */; };
		5B73860F1ED78ED200F9E6CC /* Image.swift in Sources */ = {isa = PBXBuildFile; fileRef = 5B7385EB1ED78ED200F9E6CC /* Image.swift */; };
		5B7386101ED78ED200F9E6CC /* Link.swift in Sources */ = {isa = PBXBuildFile; fileRef = 5B7385EC1ED78ED200F9E6CC /* Link.swift */; };
		5B7386111ED78ED200F9E6CC /* Mention.swift in Sources */ = {isa = PBXBuildFile; fileRef = 5B7385ED1ED78ED200F9E6CC /* Mention.swift */; };
		5B7386121ED78ED200F9E6CC /* Message.swift in Sources */ = {isa = PBXBuildFile; fileRef = 5B7385EE1ED78ED200F9E6CC /* Message.swift */; };
		5B7386131ED78ED200F9E6CC /* Post.swift in Sources */ = {isa = PBXBuildFile; fileRef = 5B7385EF1ED78ED200F9E6CC /* Post.swift */; };
		5B7386141ED78ED200F9E6CC /* Raw.swift in Sources */ = {isa = PBXBuildFile; fileRef = 5B7385F01ED78ED200F9E6CC /* Raw.swift */; };
		5B7386151ED78ED200F9E6CC /* Source.swift in Sources */ = {isa = PBXBuildFile; fileRef = 5B7385F11ED78ED200F9E6CC /* Source.swift */; };
		5B7386161ED78ED200F9E6CC /* Stats.swift in Sources */ = {isa = PBXBuildFile; fileRef = 5B7385F21ED78ED200F9E6CC /* Stats.swift */; };
		5B7386171ED78ED200F9E6CC /* Stream.swift in Sources */ = {isa = PBXBuildFile; fileRef = 5B7385F31ED78ED200F9E6CC /* Stream.swift */; };
		5B7386181ED78ED200F9E6CC /* Tag.swift in Sources */ = {isa = PBXBuildFile; fileRef = 5B7385F41ED78ED200F9E6CC /* Tag.swift */; };
		5B7386191ED78ED200F9E6CC /* Token.swift in Sources */ = {isa = PBXBuildFile; fileRef = 5B7385F51ED78ED200F9E6CC /* Token.swift */; };
		5B73861A1ED78ED200F9E6CC /* User.swift in Sources */ = {isa = PBXBuildFile; fileRef = 5B7385F61ED78ED200F9E6CC /* User.swift */; };
		5B73861B1ED78ED200F9E6CC /* Parameter.swift in Sources */ = {isa = PBXBuildFile; fileRef = 5B7385F71ED78ED200F9E6CC /* Parameter.swift */; };
		5B73861C1ED78ED200F9E6CC /* Payload.swift in Sources */ = {isa = PBXBuildFile; fileRef = 5B7385F81ED78ED200F9E6CC /* Payload.swift */; };
		5B73861D1ED78ED200F9E6CC /* Request.swift in Sources */ = {isa = PBXBuildFile; fileRef = 5B7385F91ED78ED200F9E6CC /* Request.swift */; };
		5B73861E1ED78ED200F9E6CC /* RequestParsers.swift in Sources */ = {isa = PBXBuildFile; fileRef = 5B7385FA1ED78ED200F9E6CC /* RequestParsers.swift */; };
		5B73861F1ED78ED200F9E6CC /* RequestRange.swift in Sources */ = {isa = PBXBuildFile; fileRef = 5B7385FB1ED78ED200F9E6CC /* RequestRange.swift */; };
		5B7386201ED78ED200F9E6CC /* Authentication.swift in Sources */ = {isa = PBXBuildFile; fileRef = 5B7385FD1ED78ED200F9E6CC /* Authentication.swift */; };
		5B7386211ED78ED200F9E6CC /* Streams.swift in Sources */ = {isa = PBXBuildFile; fileRef = 5B7385FE1ED78ED200F9E6CC /* Streams.swift */; };
		5B7386231ED78F5300F9E6CC /* Indirection.swift in Sources */ = {isa = PBXBuildFile; fileRef = 5B7386221ED78F5300F9E6CC /* Indirection.swift */; };
		5B7386251ED78F7F00F9E6CC /* Serializable.swift in Sources */ = {isa = PBXBuildFile; fileRef = 5B7386241ED78F7F00F9E6CC /* Serializable.swift */; };
		5B7386271ED7905F00F9E6CC /* LoginResponse.swift in Sources */ = {isa = PBXBuildFile; fileRef = 5B7386261ED7905F00F9E6CC /* LoginResponse.swift */; };
		5B7386291ED7908000F9E6CC /* AccessScope.swift in Sources */ = {isa = PBXBuildFile; fileRef = 5B7386281ED7908000F9E6CC /* AccessScope.swift */; };
		5B73862B1ED7974800F9E6CC /* Posts.swift in Sources */ = {isa = PBXBuildFile; fileRef = 5B73862A1ED7974800F9E6CC /* Posts.swift */; };
		5B73862D1ED79B7300F9E6CC /* RequestError.swift in Sources */ = {isa = PBXBuildFile; fileRef = 5B73862C1ED79B7300F9E6CC /* RequestError.swift */; };
		5BCC52BA1ED87CFB0052000E /* Users.swift in Sources */ = {isa = PBXBuildFile; fileRef = 5BCC52B91ED87CFB0052000E /* Users.swift */; };
		5BCC52BC1ED87F660052000E /* Clients.swift in Sources */ = {isa = PBXBuildFile; fileRef = 5BCC52BB1ED87F660052000E /* Clients.swift */; };
		5BCC52BE1ED87FA50052000E /* AppStreams.swift in Sources */ = {isa = PBXBuildFile; fileRef = 5BCC52BD1ED87FA50052000E /* AppStreams.swift */; };
		5BCC52C01ED880650052000E /* Channels.swift in Sources */ = {isa = PBXBuildFile; fileRef = 5BCC52BF1ED880650052000E /* Channels.swift */; };
		5BCC52C21ED881040052000E /* Messages.swift in Sources */ = {isa = PBXBuildFile; fileRef = 5BCC52C11ED881040052000E /* Messages.swift */; };
		5BCC52C41ED882DC0052000E /* Markers.swift in Sources */ = {isa = PBXBuildFile; fileRef = 5BCC52C31ED882DC0052000E /* Markers.swift */; };
		5BCC52C61ED8831F0052000E /* System.swift in Sources */ = {isa = PBXBuildFile; fileRef = 5BCC52C51ED8831F0052000E /* System.swift */; };
		5BCC52C81ED883550052000E /* TextProcessor.swift in Sources */ = {isa = PBXBuildFile; fileRef = 5BCC52C71ED883550052000E /* TextProcessor.swift */; };
		5BCC52CA1ED884290052000E /* Presences.swift in Sources */ = {isa = PBXBuildFile; fileRef = 5BCC52C91ED884290052000E /* Presences.swift */; };
		5BCC52CC1ED887340052000E /* Presence.swift in Sources */ = {isa = PBXBuildFile; fileRef = 5BCC52CB1ED887340052000E /* Presence.swift */; };
		5BCC52CE1ED888F40052000E /* Profiles.swift in Sources */ = {isa = PBXBuildFile; fileRef = 5BCC52CD1ED888F40052000E /* Profiles.swift */; };
		5BCC52D01ED88DC40052000E /* Marker.swift in Sources */ = {isa = PBXBuildFile; fileRef = 5BCC52CF1ED88DC40052000E /* Marker.swift */; };
		5BD692391ED48E9100A323C6 /* PnutKit.framework in Frameworks */ = {isa = PBXBuildFile; fileRef = 5BD6922F1ED48E9000A323C6 /* PnutKit.framework */; };
		5BD692D81ED49BDF00A323C6 /* PnutKitTests.swift in Sources */ = {isa = PBXBuildFile; fileRef = 5BD692D61ED49BDF00A323C6 /* PnutKitTests.swift */; };
/* End PBXBuildFile section */

/* Begin PBXContainerItemProxy section */
		5BD6923A1ED48E9100A323C6 /* PBXContainerItemProxy */ = {
			isa = PBXContainerItemProxy;
			containerPortal = 5BD692261ED48E9000A323C6 /* Project object */;
			proxyType = 1;
			remoteGlobalIDString = 5BD6922E1ED48E9000A323C6;
			remoteInfo = PnutKit;
		};
/* End PBXContainerItemProxy section */

/* Begin PBXFileReference section */
		5B7385D91ED78ED200F9E6CC /* APIClient.swift */ = {isa = PBXFileReference; fileEncoding = 4; lastKnownFileType = sourcecode.swift; path = APIClient.swift; sourceTree = "<group>"; };
		5B7385DA1ED78ED200F9E6CC /* ClientError.swift */ = {isa = PBXFileReference; fileEncoding = 4; lastKnownFileType = sourcecode.swift; path = ClientError.swift; sourceTree = "<group>"; };
		5B7385DC1ED78ED200F9E6CC /* CharacterSet.swift */ = {isa = PBXFileReference; fileEncoding = 4; lastKnownFileType = sourcecode.swift; path = CharacterSet.swift; sourceTree = "<group>"; };
		5B7385DD1ED78ED200F9E6CC /* Data.swift */ = {isa = PBXFileReference; fileEncoding = 4; lastKnownFileType = sourcecode.swift; path = Data.swift; sourceTree = "<group>"; };
		5B7385DF1ED78ED200F9E6CC /* URLComponents.swift */ = {isa = PBXFileReference; fileEncoding = 4; lastKnownFileType = sourcecode.swift; path = URLComponents.swift; sourceTree = "<group>"; };
		5B7385E01ED78ED200F9E6CC /* URLRequest.swift */ = {isa = PBXFileReference; fileEncoding = 4; lastKnownFileType = sourcecode.swift; path = URLRequest.swift; sourceTree = "<group>"; };
		5B7385E11ED78ED200F9E6CC /* Functions.swift */ = {isa = PBXFileReference; fileEncoding = 4; lastKnownFileType = sourcecode.swift; path = Functions.swift; sourceTree = "<group>"; };
		5B7385E21ED78ED200F9E6CC /* HTTPMethod.swift */ = {isa = PBXFileReference; fileEncoding = 4; lastKnownFileType = sourcecode.swift; path = HTTPMethod.swift; sourceTree = "<group>"; };
		5B7385E51ED78ED200F9E6CC /* ACL.swift */ = {isa = PBXFileReference; fileEncoding = 4; lastKnownFileType = sourcecode.swift; path = ACL.swift; sourceTree = "<group>"; };
		5B7385E61ED78ED200F9E6CC /* Channel.swift */ = {isa = PBXFileReference; fileEncoding = 4; lastKnownFileType = sourcecode.swift; path = Channel.swift; sourceTree = "<group>"; };
		5B7385E71ED78ED200F9E6CC /* Client.swift */ = {isa = PBXFileReference; fileEncoding = 4; lastKnownFileType = sourcecode.swift; path = Client.swift; sourceTree = "<group>"; };
		5B7385E81ED78ED200F9E6CC /* Configuration.swift */ = {isa = PBXFileReference; fileEncoding = 4; lastKnownFileType = sourcecode.swift; path = Configuration.swift; sourceTree = "<group>"; };
		5B7385E91ED78ED200F9E6CC /* Content.swift */ = {isa = PBXFileReference; fileEncoding = 4; lastKnownFileType = sourcecode.swift; path = Content.swift; sourceTree = "<group>"; };
		5B7385EA1ED78ED200F9E6CC /* Explore.swift */ = {isa = PBXFileReference; fileEncoding = 4; lastKnownFileType = sourcecode.swift; path = Explore.swift; sourceTree = "<group>"; };
		5B7385EB1ED78ED200F9E6CC /* Image.swift */ = {isa = PBXFileReference; fileEncoding = 4; lastKnownFileType = sourcecode.swift; path = Image.swift; sourceTree = "<group>"; };
		5B7385EC1ED78ED200F9E6CC /* Link.swift */ = {isa = PBXFileReference; fileEncoding = 4; lastKnownFileType = sourcecode.swift; path = Link.swift; sourceTree = "<group>"; };
		5B7385ED1ED78ED200F9E6CC /* Mention.swift */ = {isa = PBXFileReference; fileEncoding = 4; lastKnownFileType = sourcecode.swift; path = Mention.swift; sourceTree = "<group>"; };
		5B7385EE1ED78ED200F9E6CC /* Message.swift */ = {isa = PBXFileReference; fileEncoding = 4; lastKnownFileType = sourcecode.swift; path = Message.swift; sourceTree = "<group>"; };
		5B7385EF1ED78ED200F9E6CC /* Post.swift */ = {isa = PBXFileReference; fileEncoding = 4; lastKnownFileType = sourcecode.swift; path = Post.swift; sourceTree = "<group>"; };
		5B7385F01ED78ED200F9E6CC /* Raw.swift */ = {isa = PBXFileReference; fileEncoding = 4; lastKnownFileType = sourcecode.swift; path = Raw.swift; sourceTree = "<group>"; };
		5B7385F11ED78ED200F9E6CC /* Source.swift */ = {isa = PBXFileReference; fileEncoding = 4; lastKnownFileType = sourcecode.swift; path = Source.swift; sourceTree = "<group>"; };
		5B7385F21ED78ED200F9E6CC /* Stats.swift */ = {isa = PBXFileReference; fileEncoding = 4; lastKnownFileType = sourcecode.swift; path = Stats.swift; sourceTree = "<group>"; };
		5B7385F31ED78ED200F9E6CC /* Stream.swift */ = {isa = PBXFileReference; fileEncoding = 4; lastKnownFileType = sourcecode.swift; path = Stream.swift; sourceTree = "<group>"; };
		5B7385F41ED78ED200F9E6CC /* Tag.swift */ = {isa = PBXFileReference; fileEncoding = 4; lastKnownFileType = sourcecode.swift; path = Tag.swift; sourceTree = "<group>"; };
		5B7385F51ED78ED200F9E6CC /* Token.swift */ = {isa = PBXFileReference; fileEncoding = 4; lastKnownFileType = sourcecode.swift; path = Token.swift; sourceTree = "<group>"; };
		5B7385F61ED78ED200F9E6CC /* User.swift */ = {isa = PBXFileReference; fileEncoding = 4; lastKnownFileType = sourcecode.swift; path = User.swift; sourceTree = "<group>"; };
		5B7385F71ED78ED200F9E6CC /* Parameter.swift */ = {isa = PBXFileReference; fileEncoding = 4; lastKnownFileType = sourcecode.swift; path = Parameter.swift; sourceTree = "<group>"; };
		5B7385F81ED78ED200F9E6CC /* Payload.swift */ = {isa = PBXFileReference; fileEncoding = 4; lastKnownFileType = sourcecode.swift; path = Payload.swift; sourceTree = "<group>"; };
		5B7385F91ED78ED200F9E6CC /* Request.swift */ = {isa = PBXFileReference; fileEncoding = 4; lastKnownFileType = sourcecode.swift; path = Request.swift; sourceTree = "<group>"; };
		5B7385FA1ED78ED200F9E6CC /* RequestParsers.swift */ = {isa = PBXFileReference; fileEncoding = 4; lastKnownFileType = sourcecode.swift; path = RequestParsers.swift; sourceTree = "<group>"; };
		5B7385FB1ED78ED200F9E6CC /* RequestRange.swift */ = {isa = PBXFileReference; fileEncoding = 4; lastKnownFileType = sourcecode.swift; path = RequestRange.swift; sourceTree = "<group>"; };
		5B7385FD1ED78ED200F9E6CC /* Authentication.swift */ = {isa = PBXFileReference; fileEncoding = 4; lastKnownFileType = sourcecode.swift; path = Authentication.swift; sourceTree = "<group>"; };
		5B7385FE1ED78ED200F9E6CC /* Streams.swift */ = {isa = PBXFileReference; fileEncoding = 4; lastKnownFileType = sourcecode.swift; path = Streams.swift; sourceTree = "<group>"; };
		5B7386221ED78F5300F9E6CC /* Indirection.swift */ = {isa = PBXFileReference; fileEncoding = 4; lastKnownFileType = sourcecode.swift; path = Indirection.swift; sourceTree = "<group>"; };
		5B7386241ED78F7F00F9E6CC /* Serializable.swift */ = {isa = PBXFileReference; fileEncoding = 4; lastKnownFileType = sourcecode.swift; path = Serializable.swift; sourceTree = "<group>"; };
		5B7386261ED7905F00F9E6CC /* LoginResponse.swift */ = {isa = PBXFileReference; fileEncoding = 4; lastKnownFileType = sourcecode.swift; path = LoginResponse.swift; sourceTree = "<group>"; };
		5B7386281ED7908000F9E6CC /* AccessScope.swift */ = {isa = PBXFileReference; fileEncoding = 4; lastKnownFileType = sourcecode.swift; path = AccessScope.swift; sourceTree = "<group>"; };
		5B73862A1ED7974800F9E6CC /* Posts.swift */ = {isa = PBXFileReference; fileEncoding = 4; lastKnownFileType = sourcecode.swift; path = Posts.swift; sourceTree = "<group>"; };
		5B73862C1ED79B7300F9E6CC /* RequestError.swift */ = {isa = PBXFileReference; fileEncoding = 4; lastKnownFileType = sourcecode.swift; path = RequestError.swift; sourceTree = "<group>"; };
		5B73862E1ED79C0A00F9E6CC /* Info.plist */ = {isa = PBXFileReference; lastKnownFileType = text.plist.xml; path = Info.plist; sourceTree = "<group>"; };
		5BCC52B91ED87CFB0052000E /* Users.swift */ = {isa = PBXFileReference; fileEncoding = 4; lastKnownFileType = sourcecode.swift; path = Users.swift; sourceTree = "<group>"; };
		5BCC52BB1ED87F660052000E /* Clients.swift */ = {isa = PBXFileReference; fileEncoding = 4; lastKnownFileType = sourcecode.swift; path = Clients.swift; sourceTree = "<group>"; };
		5BCC52BD1ED87FA50052000E /* AppStreams.swift */ = {isa = PBXFileReference; fileEncoding = 4; lastKnownFileType = sourcecode.swift; path = AppStreams.swift; sourceTree = "<group>"; };
		5BCC52BF1ED880650052000E /* Channels.swift */ = {isa = PBXFileReference; fileEncoding = 4; lastKnownFileType = sourcecode.swift; path = Channels.swift; sourceTree = "<group>"; };
		5BCC52C11ED881040052000E /* Messages.swift */ = {isa = PBXFileReference; fileEncoding = 4; lastKnownFileType = sourcecode.swift; path = Messages.swift; sourceTree = "<group>"; };
		5BCC52C31ED882DC0052000E /* Markers.swift */ = {isa = PBXFileReference; fileEncoding = 4; lastKnownFileType = sourcecode.swift; path = Markers.swift; sourceTree = "<group>"; };
		5BCC52C51ED8831F0052000E /* System.swift */ = {isa = PBXFileReference; fileEncoding = 4; lastKnownFileType = sourcecode.swift; path = System.swift; sourceTree = "<group>"; };
		5BCC52C71ED883550052000E /* TextProcessor.swift */ = {isa = PBXFileReference; fileEncoding = 4; lastKnownFileType = sourcecode.swift; path = TextProcessor.swift; sourceTree = "<group>"; };
		5BCC52C91ED884290052000E /* Presences.swift */ = {isa = PBXFileReference; fileEncoding = 4; lastKnownFileType = sourcecode.swift; path = Presences.swift; sourceTree = "<group>"; };
		5BCC52CB1ED887340052000E /* Presence.swift */ = {isa = PBXFileReference; fileEncoding = 4; lastKnownFileType = sourcecode.swift; path = Presence.swift; sourceTree = "<group>"; };
		5BCC52CD1ED888F40052000E /* Profiles.swift */ = {isa = PBXFileReference; fileEncoding = 4; lastKnownFileType = sourcecode.swift; path = Profiles.swift; sourceTree = "<group>"; };
		5BCC52CF1ED88DC40052000E /* Marker.swift */ = {isa = PBXFileReference; fileEncoding = 4; lastKnownFileType = sourcecode.swift; path = Marker.swift; sourceTree = "<group>"; };
		5BD6922F1ED48E9000A323C6 /* PnutKit.framework */ = {isa = PBXFileReference; explicitFileType = wrapper.framework; includeInIndex = 0; path = PnutKit.framework; sourceTree = BUILT_PRODUCTS_DIR; };
		5BD692381ED48E9100A323C6 /* PnutKitTests.xctest */ = {isa = PBXFileReference; explicitFileType = wrapper.cfbundle; includeInIndex = 0; path = PnutKitTests.xctest; sourceTree = BUILT_PRODUCTS_DIR; };
		5BD692D51ED49BDF00A323C6 /* Info.plist */ = {isa = PBXFileReference; fileEncoding = 4; lastKnownFileType = text.plist.xml; path = Info.plist; sourceTree = "<group>"; };
		5BD692D61ED49BDF00A323C6 /* PnutKitTests.swift */ = {isa = PBXFileReference; fileEncoding = 4; lastKnownFileType = sourcecode.swift; path = PnutKitTests.swift; sourceTree = "<group>"; };
		5BD692DA1ED49BF800A323C6 /* PnutKit.xcconfig */ = {isa = PBXFileReference; lastKnownFileType = text.xcconfig; path = PnutKit.xcconfig; sourceTree = "<group>"; };
		5BFEB2571ED620FF00064A03 /* PnutKit.podspec */ = {isa = PBXFileReference; lastKnownFileType = text; path = PnutKit.podspec; sourceTree = "<group>"; };
/* End PBXFileReference section */

/* Begin PBXFrameworksBuildPhase section */
		5BD6922B1ED48E9000A323C6 /* Frameworks */ = {
			isa = PBXFrameworksBuildPhase;
			buildActionMask = 2147483647;
			files = (
			);
			runOnlyForDeploymentPostprocessing = 0;
		};
		5BD692351ED48E9100A323C6 /* Frameworks */ = {
			isa = PBXFrameworksBuildPhase;
			buildActionMask = 2147483647;
			files = (
				5BD692391ED48E9100A323C6 /* PnutKit.framework in Frameworks */,
			);
			runOnlyForDeploymentPostprocessing = 0;
		};
/* End PBXFrameworksBuildPhase section */

/* Begin PBXGroup section */
		5B7385DB1ED78ED200F9E6CC /* Foundation */ = {
			isa = PBXGroup;
			children = (
				5B7385DC1ED78ED200F9E6CC /* CharacterSet.swift */,
				5B7385DD1ED78ED200F9E6CC /* Data.swift */,
				5B7385DF1ED78ED200F9E6CC /* URLComponents.swift */,
				5B7385E01ED78ED200F9E6CC /* URLRequest.swift */,
			);
			path = Foundation;
			sourceTree = "<group>";
		};
		5B7385E41ED78ED200F9E6CC /* Models */ = {
			isa = PBXGroup;
			children = (
				5B7386281ED7908000F9E6CC /* AccessScope.swift */,
				5B7385E51ED78ED200F9E6CC /* ACL.swift */,
				5B7385E61ED78ED200F9E6CC /* Channel.swift */,
				5B7385E71ED78ED200F9E6CC /* Client.swift */,
				5B7385E81ED78ED200F9E6CC /* Configuration.swift */,
				5B7385E91ED78ED200F9E6CC /* Content.swift */,
				5B7385EA1ED78ED200F9E6CC /* Explore.swift */,
				5B7385EB1ED78ED200F9E6CC /* Image.swift */,
				5B7385EC1ED78ED200F9E6CC /* Link.swift */,
				5B7386261ED7905F00F9E6CC /* LoginResponse.swift */,
				5B7385ED1ED78ED200F9E6CC /* Mention.swift */,
				5B7385EE1ED78ED200F9E6CC /* Message.swift */,
				5BCC52CF1ED88DC40052000E /* Marker.swift */,
				5B7385EF1ED78ED200F9E6CC /* Post.swift */,
				5BCC52CB1ED887340052000E /* Presence.swift */,
				5B7385F01ED78ED200F9E6CC /* Raw.swift */,
				5B73862C1ED79B7300F9E6CC /* RequestError.swift */,
				5B7385F11ED78ED200F9E6CC /* Source.swift */,
				5B7385F21ED78ED200F9E6CC /* Stats.swift */,
				5B7385F31ED78ED200F9E6CC /* Stream.swift */,
				5B7385F41ED78ED200F9E6CC /* Tag.swift */,
				5B7385F51ED78ED200F9E6CC /* Token.swift */,
				5B7385F61ED78ED200F9E6CC /* User.swift */,
			);
			path = Models;
			sourceTree = "<group>";
		};
		5B7385FC1ED78ED200F9E6CC /* Requests */ = {
			isa = PBXGroup;
			children = (
				5BCC52BD1ED87FA50052000E /* AppStreams.swift */,
				5B7385FD1ED78ED200F9E6CC /* Authentication.swift */,
				5BCC52BF1ED880650052000E /* Channels.swift */,
				5BCC52BB1ED87F660052000E /* Clients.swift */,
				5BCC52C31ED882DC0052000E /* Markers.swift */,
				5BCC52C11ED881040052000E /* Messages.swift */,
				5B73862A1ED7974800F9E6CC /* Posts.swift */,
				5BCC52C91ED884290052000E /* Presences.swift */,
				5BCC52CD1ED888F40052000E /* Profiles.swift */,
				5B7385FE1ED78ED200F9E6CC /* Streams.swift */,
				5BCC52C51ED8831F0052000E /* System.swift */,
				5BCC52C71ED883550052000E /* TextProcessor.swift */,
				5BCC52B91ED87CFB0052000E /* Users.swift */,
			);
			path = Requests;
			sourceTree = "<group>";
		};
		5BD692251ED48E9000A323C6 = {
			isa = PBXGroup;
			children = (
				5BFEB2571ED620FF00064A03 /* PnutKit.podspec */,
				5BD692D91ED49BF800A323C6 /* Configuration */,
				5BD692A91ED49BD300A323C6 /* PnutKit */,
				5BD692D41ED49BDF00A323C6 /* PnutKitTests */,
				5BD692301ED48E9000A323C6 /* Products */,
			);
			sourceTree = "<group>";
		};
		5BD692301ED48E9000A323C6 /* Products */ = {
			isa = PBXGroup;
			children = (
				5BD6922F1ED48E9000A323C6 /* PnutKit.framework */,
				5BD692381ED48E9100A323C6 /* PnutKitTests.xctest */,
			);
			name = Products;
			sourceTree = "<group>";
		};
		5BD692A91ED49BD300A323C6 /* PnutKit */ = {
			isa = PBXGroup;
			children = (
				5B73862E1ED79C0A00F9E6CC /* Info.plist */,
				5B7385D91ED78ED200F9E6CC /* APIClient.swift */,
				5B7385DA1ED78ED200F9E6CC /* ClientError.swift */,
				5B7385DB1ED78ED200F9E6CC /* Foundation */,
				5B7385E11ED78ED200F9E6CC /* Functions.swift */,
				5B7385E21ED78ED200F9E6CC /* HTTPMethod.swift */,
				5B7386221ED78F5300F9E6CC /* Indirection.swift */,
				5B7385E41ED78ED200F9E6CC /* Models */,
				5B7385F71ED78ED200F9E6CC /* Parameter.swift */,
				5B7385F81ED78ED200F9E6CC /* Payload.swift */,
				5B7385F91ED78ED200F9E6CC /* Request.swift */,
				5B7385FA1ED78ED200F9E6CC /* RequestParsers.swift */,
				5B7385FB1ED78ED200F9E6CC /* RequestRange.swift */,
				5B7385FC1ED78ED200F9E6CC /* Requests */,
				5B7386241ED78F7F00F9E6CC /* Serializable.swift */,
			);
			path = PnutKit;
			sourceTree = "<group>";
		};
		5BD692D41ED49BDF00A323C6 /* PnutKitTests */ = {
			isa = PBXGroup;
			children = (
				5BD692D51ED49BDF00A323C6 /* Info.plist */,
				5BD692D61ED49BDF00A323C6 /* PnutKitTests.swift */,
			);
			path = PnutKitTests;
			sourceTree = "<group>";
		};
		5BD692D91ED49BF800A323C6 /* Configuration */ = {
			isa = PBXGroup;
			children = (
				5BD692DA1ED49BF800A323C6 /* PnutKit.xcconfig */,
			);
			path = Configuration;
			sourceTree = "<group>";
		};
/* End PBXGroup section */

/* Begin PBXHeadersBuildPhase section */
		5BD6922C1ED48E9000A323C6 /* Headers */ = {
			isa = PBXHeadersBuildPhase;
			buildActionMask = 2147483647;
			files = (
			);
			runOnlyForDeploymentPostprocessing = 0;
		};
/* End PBXHeadersBuildPhase section */

/* Begin PBXNativeTarget section */
		5BD6922E1ED48E9000A323C6 /* PnutKit */ = {
			isa = PBXNativeTarget;
			buildConfigurationList = 5BD692431ED48E9100A323C6 /* Build configuration list for PBXNativeTarget "PnutKit" */;
			buildPhases = (
				5BD6922A1ED48E9000A323C6 /* Sources */,
				5BD6922B1ED48E9000A323C6 /* Frameworks */,
				5BD6922C1ED48E9000A323C6 /* Headers */,
				5BD6922D1ED48E9000A323C6 /* Resources */,
			);
			buildRules = (
			);
			dependencies = (
			);
			name = PnutKit;
			productName = PnutKit;
			productReference = 5BD6922F1ED48E9000A323C6 /* PnutKit.framework */;
			productType = "com.apple.product-type.framework";
		};
		5BD692371ED48E9100A323C6 /* PnutKitTests */ = {
			isa = PBXNativeTarget;
			buildConfigurationList = 5BD692461ED48E9100A323C6 /* Build configuration list for PBXNativeTarget "PnutKitTests" */;
			buildPhases = (
				5BD692341ED48E9100A323C6 /* Sources */,
				5BD692351ED48E9100A323C6 /* Frameworks */,
				5BD692361ED48E9100A323C6 /* Resources */,
			);
			buildRules = (
			);
			dependencies = (
				5BD6923B1ED48E9100A323C6 /* PBXTargetDependency */,
			);
			name = PnutKitTests;
			productName = PnutKitTests;
			productReference = 5BD692381ED48E9100A323C6 /* PnutKitTests.xctest */;
			productType = "com.apple.product-type.bundle.unit-test";
		};
/* End PBXNativeTarget section */

/* Begin PBXProject section */
		5BD692261ED48E9000A323C6 /* Project object */ = {
			isa = PBXProject;
			attributes = {
				CLASSPREFIX = PNK;
				LastSwiftUpdateCheck = 0830;
				LastUpgradeCheck = 0830;
				ORGANIZATIONNAME = "Pilgrimage Software";
				TargetAttributes = {
					5BD6922E1ED48E9000A323C6 = {
						CreatedOnToolsVersion = 8.3.2;
						DevelopmentTeam = DQUTMGPMX5;
						LastSwiftMigration = 0830;
						ProvisioningStyle = Automatic;
					};
					5BD692371ED48E9100A323C6 = {
						CreatedOnToolsVersion = 8.3.2;
						DevelopmentTeam = DQUTMGPMX5;
						ProvisioningStyle = Automatic;
					};
				};
			};
			buildConfigurationList = 5BD692291ED48E9000A323C6 /* Build configuration list for PBXProject "PnutKit" */;
			compatibilityVersion = "Xcode 8.0";
			developmentRegion = English;
			hasScannedForEncodings = 0;
			knownRegions = (
				en,
			);
			mainGroup = 5BD692251ED48E9000A323C6;
			productRefGroup = 5BD692301ED48E9000A323C6 /* Products */;
			projectDirPath = "";
			projectRoot = "";
			targets = (
				5BD6922E1ED48E9000A323C6 /* PnutKit */,
				5BD692371ED48E9100A323C6 /* PnutKitTests */,
			);
		};
/* End PBXProject section */

/* Begin PBXResourcesBuildPhase section */
		5BD6922D1ED48E9000A323C6 /* Resources */ = {
			isa = PBXResourcesBuildPhase;
			buildActionMask = 2147483647;
			files = (
			);
			runOnlyForDeploymentPostprocessing = 0;
		};
		5BD692361ED48E9100A323C6 /* Resources */ = {
			isa = PBXResourcesBuildPhase;
			buildActionMask = 2147483647;
			files = (
			);
			runOnlyForDeploymentPostprocessing = 0;
		};
/* End PBXResourcesBuildPhase section */

/* Begin PBXSourcesBuildPhase section */
		5BD6922A1ED48E9000A323C6 /* Sources */ = {
			isa = PBXSourcesBuildPhase;
			buildActionMask = 2147483647;
			files = (
				5B7385FF1ED78ED200F9E6CC /* APIClient.swift in Sources */,
				5BCC52BE1ED87FA50052000E /* AppStreams.swift in Sources */,
				5B7386201ED78ED200F9E6CC /* Authentication.swift in Sources */,
				5B73860A1ED78ED200F9E6CC /* Channel.swift in Sources */,
				5B7386141ED78ED200F9E6CC /* Raw.swift in Sources */,
				5BCC52D01ED88DC40052000E /* Marker.swift in Sources */,
				5B7386231ED78F5300F9E6CC /* Indirection.swift in Sources */,
				5B73860C1ED78ED200F9E6CC /* Configuration.swift in Sources */,
				5B7386271ED7905F00F9E6CC /* LoginResponse.swift in Sources */,
				5B73862B1ED7974800F9E6CC /* Posts.swift in Sources */,
				5B7386171ED78ED200F9E6CC /* Stream.swift in Sources */,
				5B7386051ED78ED200F9E6CC /* URLRequest.swift in Sources */,
				5B73861D1ED78ED200F9E6CC /* Request.swift in Sources */,
				5B7386001ED78ED200F9E6CC /* ClientError.swift in Sources */,
				5BCC52CC1ED887340052000E /* Presence.swift in Sources */,
				5B7386061ED78ED200F9E6CC /* Functions.swift in Sources */,
				5BCC52C41ED882DC0052000E /* Markers.swift in Sources */,
				5B7386011ED78ED200F9E6CC /* CharacterSet.swift in Sources */,
				5B7386191ED78ED200F9E6CC /* Token.swift in Sources */,
				5B73860E1ED78ED200F9E6CC /* Explore.swift in Sources */,
				5BCC52C61ED8831F0052000E /* System.swift in Sources */,
				5BCC52C21ED881040052000E /* Messages.swift in Sources */,
				5B7386251ED78F7F00F9E6CC /* Serializable.swift in Sources */,
				5BCC52BC1ED87F660052000E /* Clients.swift in Sources */,
				5B73860B1ED78ED200F9E6CC /* Client.swift in Sources */,
				5B73860D1ED78ED200F9E6CC /* Content.swift in Sources */,
				5B7386181ED78ED200F9E6CC /* Tag.swift in Sources */,
				5B7386111ED78ED200F9E6CC /* Mention.swift in Sources */,
				5B7386161ED78ED200F9E6CC /* Stats.swift in Sources */,
				5B7386131ED78ED200F9E6CC /* Post.swift in Sources */,
				5BCC52C81ED883550052000E /* TextProcessor.swift in Sources */,
				5B73861C1ED78ED200F9E6CC /* Payload.swift in Sources */,
				5B73860F1ED78ED200F9E6CC /* Image.swift in Sources */,
				5B7386071ED78ED200F9E6CC /* HTTPMethod.swift in Sources */,
				5B73861A1ED78ED200F9E6CC /* User.swift in Sources */,
				5B7386041ED78ED200F9E6CC /* URLComponents.swift in Sources */,
				5B73861E1ED78ED200F9E6CC /* RequestParsers.swift in Sources */,
				5BCC52C01ED880650052000E /* Channels.swift in Sources */,
				5B73861B1ED78ED200F9E6CC /* Parameter.swift in Sources */,
				5B7386291ED7908000F9E6CC /* AccessScope.swift in Sources */,
				5BCC52CE1ED888F40052000E /* Profiles.swift in Sources */,
				5B7386151ED78ED200F9E6CC /* Source.swift in Sources */,
				5BCC52BA1ED87CFB0052000E /* Users.swift in Sources */,
				5B7386021ED78ED200F9E6CC /* Data.swift in Sources */,
				5B7386211ED78ED200F9E6CC /* Streams.swift in Sources */,
				5B7386101ED78ED200F9E6CC /* Link.swift in Sources */,
				5B73862D1ED79B7300F9E6CC /* RequestError.swift in Sources */,
				5B73861F1ED78ED200F9E6CC /* RequestRange.swift in Sources */,
				5B7386121ED78ED200F9E6CC /* Message.swift in Sources */,
				5BCC52CA1ED884290052000E /* Presences.swift in Sources */,
				5B7386091ED78ED200F9E6CC /* ACL.swift in Sources */,
			);
			runOnlyForDeploymentPostprocessing = 0;
		};
		5BD692341ED48E9100A323C6 /* Sources */ = {
			isa = PBXSourcesBuildPhase;
			buildActionMask = 2147483647;
			files = (
				5BD692D81ED49BDF00A323C6 /* PnutKitTests.swift in Sources */,
			);
			runOnlyForDeploymentPostprocessing = 0;
		};
/* End PBXSourcesBuildPhase section */

/* Begin PBXTargetDependency section */
		5BD6923B1ED48E9100A323C6 /* PBXTargetDependency */ = {
			isa = PBXTargetDependency;
			target = 5BD6922E1ED48E9000A323C6 /* PnutKit */;
			targetProxy = 5BD6923A1ED48E9100A323C6 /* PBXContainerItemProxy */;
		};
/* End PBXTargetDependency section */

/* Begin XCBuildConfiguration section */
		5BD692411ED48E9100A323C6 /* Debug */ = {
			isa = XCBuildConfiguration;
			buildSettings = {
				ALWAYS_SEARCH_USER_PATHS = NO;
				CLANG_ANALYZER_NONNULL = YES;
				CLANG_ANALYZER_NUMBER_OBJECT_CONVERSION = YES_AGGRESSIVE;
				CLANG_CXX_LANGUAGE_STANDARD = "gnu++0x";
				CLANG_CXX_LIBRARY = "libc++";
				CLANG_ENABLE_MODULES = YES;
				CLANG_ENABLE_OBJC_ARC = YES;
				CLANG_WARN_BOOL_CONVERSION = YES;
				CLANG_WARN_CONSTANT_CONVERSION = YES;
				CLANG_WARN_DIRECT_OBJC_ISA_USAGE = YES_ERROR;
				CLANG_WARN_DOCUMENTATION_COMMENTS = YES;
				CLANG_WARN_EMPTY_BODY = YES;
				CLANG_WARN_ENUM_CONVERSION = YES;
				CLANG_WARN_INFINITE_RECURSION = YES;
				CLANG_WARN_INT_CONVERSION = YES;
				CLANG_WARN_OBJC_ROOT_CLASS = YES_ERROR;
				CLANG_WARN_SUSPICIOUS_MOVE = YES;
				CLANG_WARN_UNREACHABLE_CODE = YES;
				CLANG_WARN__DUPLICATE_METHOD_MATCH = YES;
				"CODE_SIGN_IDENTITY[sdk=iphoneos*]" = "iPhone Developer";
				COPY_PHASE_STRIP = NO;
				CURRENT_PROJECT_VERSION = 1;
				DEBUG_INFORMATION_FORMAT = dwarf;
				ENABLE_STRICT_OBJC_MSGSEND = YES;
				ENABLE_TESTABILITY = YES;
				GCC_C_LANGUAGE_STANDARD = gnu99;
				GCC_DYNAMIC_NO_PIC = NO;
				GCC_NO_COMMON_BLOCKS = YES;
				GCC_OPTIMIZATION_LEVEL = 0;
				GCC_PREPROCESSOR_DEFINITIONS = (
					"DEBUG=1",
					"$(inherited)",
				);
				GCC_WARN_64_TO_32_BIT_CONVERSION = YES;
				GCC_WARN_ABOUT_RETURN_TYPE = YES_ERROR;
				GCC_WARN_UNDECLARED_SELECTOR = YES;
				GCC_WARN_UNINITIALIZED_AUTOS = YES_AGGRESSIVE;
				GCC_WARN_UNUSED_FUNCTION = YES;
				GCC_WARN_UNUSED_VARIABLE = YES;
				IPHONEOS_DEPLOYMENT_TARGET = 10.3;
				MTL_ENABLE_DEBUG_INFO = YES;
				ONLY_ACTIVE_ARCH = YES;
				SDKROOT = iphoneos;
				SWIFT_ACTIVE_COMPILATION_CONDITIONS = DEBUG;
				SWIFT_OPTIMIZATION_LEVEL = "-Onone";
				TARGETED_DEVICE_FAMILY = "1,2";
				VERSIONING_SYSTEM = "apple-generic";
				VERSION_INFO_PREFIX = "";
			};
			name = Debug;
		};
		5BD692421ED48E9100A323C6 /* Release */ = {
			isa = XCBuildConfiguration;
			buildSettings = {
				ALWAYS_SEARCH_USER_PATHS = NO;
				CLANG_ANALYZER_NONNULL = YES;
				CLANG_ANALYZER_NUMBER_OBJECT_CONVERSION = YES_AGGRESSIVE;
				CLANG_CXX_LANGUAGE_STANDARD = "gnu++0x";
				CLANG_CXX_LIBRARY = "libc++";
				CLANG_ENABLE_MODULES = YES;
				CLANG_ENABLE_OBJC_ARC = YES;
				CLANG_WARN_BOOL_CONVERSION = YES;
				CLANG_WARN_CONSTANT_CONVERSION = YES;
				CLANG_WARN_DIRECT_OBJC_ISA_USAGE = YES_ERROR;
				CLANG_WARN_DOCUMENTATION_COMMENTS = YES;
				CLANG_WARN_EMPTY_BODY = YES;
				CLANG_WARN_ENUM_CONVERSION = YES;
				CLANG_WARN_INFINITE_RECURSION = YES;
				CLANG_WARN_INT_CONVERSION = YES;
				CLANG_WARN_OBJC_ROOT_CLASS = YES_ERROR;
				CLANG_WARN_SUSPICIOUS_MOVE = YES;
				CLANG_WARN_UNREACHABLE_CODE = YES;
				CLANG_WARN__DUPLICATE_METHOD_MATCH = YES;
				"CODE_SIGN_IDENTITY[sdk=iphoneos*]" = "iPhone Developer";
				COPY_PHASE_STRIP = NO;
				CURRENT_PROJECT_VERSION = 1;
				DEBUG_INFORMATION_FORMAT = "dwarf-with-dsym";
				ENABLE_NS_ASSERTIONS = NO;
				ENABLE_STRICT_OBJC_MSGSEND = YES;
				GCC_C_LANGUAGE_STANDARD = gnu99;
				GCC_NO_COMMON_BLOCKS = YES;
				GCC_WARN_64_TO_32_BIT_CONVERSION = YES;
				GCC_WARN_ABOUT_RETURN_TYPE = YES_ERROR;
				GCC_WARN_UNDECLARED_SELECTOR = YES;
				GCC_WARN_UNINITIALIZED_AUTOS = YES_AGGRESSIVE;
				GCC_WARN_UNUSED_FUNCTION = YES;
				GCC_WARN_UNUSED_VARIABLE = YES;
				IPHONEOS_DEPLOYMENT_TARGET = 10.3;
				MTL_ENABLE_DEBUG_INFO = NO;
				SDKROOT = iphoneos;
				SWIFT_OPTIMIZATION_LEVEL = "-Owholemodule";
				TARGETED_DEVICE_FAMILY = "1,2";
				VALIDATE_PRODUCT = YES;
				VERSIONING_SYSTEM = "apple-generic";
				VERSION_INFO_PREFIX = "";
			};
			name = Release;
		};
		5BD692441ED48E9100A323C6 /* Debug */ = {
			isa = XCBuildConfiguration;
			baseConfigurationReference = 5BD692DA1ED49BF800A323C6 /* PnutKit.xcconfig */;
			buildSettings = {
				CLANG_ENABLE_MODULES = YES;
				DEFINES_MODULE = YES;
				DYLIB_COMPATIBILITY_VERSION = 1;
				DYLIB_CURRENT_VERSION = 1;
				DYLIB_INSTALL_NAME_BASE = "@rpath";
				LD_RUNPATH_SEARCH_PATHS = "$(inherited) @executable_path/Frameworks @loader_path/Frameworks";
				SWIFT_VERSION = 3.0;
			};
			name = Debug;
		};
		5BD692451ED48E9100A323C6 /* Release */ = {
			isa = XCBuildConfiguration;
			baseConfigurationReference = 5BD692DA1ED49BF800A323C6 /* PnutKit.xcconfig */;
			buildSettings = {
				CLANG_ENABLE_MODULES = YES;
				DEFINES_MODULE = YES;
				DYLIB_COMPATIBILITY_VERSION = 1;
				DYLIB_CURRENT_VERSION = 1;
				DYLIB_INSTALL_NAME_BASE = "@rpath";
				LD_RUNPATH_SEARCH_PATHS = "$(inherited) @executable_path/Frameworks @loader_path/Frameworks";
				SWIFT_VERSION = 3.0;
			};
			name = Release;
		};
		5BD692471ED48E9100A323C6 /* Debug */ = {
			isa = XCBuildConfiguration;
			buildSettings = {
				ALWAYS_EMBED_SWIFT_STANDARD_LIBRARIES = YES;
				DEVELOPMENT_TEAM = DQUTMGPMX5;
				INFOPLIST_FILE = PnutKitTests/Info.plist;
				LD_RUNPATH_SEARCH_PATHS = "$(inherited) @executable_path/Frameworks @loader_path/Frameworks";
				PRODUCT_BUNDLE_IDENTIFIER = com.pilgrimagesoftware.lib.PnutKitTests;
				PRODUCT_NAME = "$(TARGET_NAME)";
				SWIFT_VERSION = 3.0;
			};
			name = Debug;
		};
		5BD692481ED48E9100A323C6 /* Release */ = {
			isa = XCBuildConfiguration;
			buildSettings = {
				ALWAYS_EMBED_SWIFT_STANDARD_LIBRARIES = YES;
				DEVELOPMENT_TEAM = DQUTMGPMX5;
				INFOPLIST_FILE = PnutKitTests/Info.plist;
				LD_RUNPATH_SEARCH_PATHS = "$(inherited) @executable_path/Frameworks @loader_path/Frameworks";
				PRODUCT_BUNDLE_IDENTIFIER = com.pilgrimagesoftware.lib.PnutKitTests;
				PRODUCT_NAME = "$(TARGET_NAME)";
				SWIFT_VERSION = 3.0;
			};
			name = Release;
		};
/* End XCBuildConfiguration section */

/* Begin XCConfigurationList section */
		5BD692291ED48E9000A323C6 /* Build configuration list for PBXProject "PnutKit" */ = {
			isa = XCConfigurationList;
			buildConfigurations = (
				5BD692411ED48E9100A323C6 /* Debug */,
				5BD692421ED48E9100A323C6 /* Release */,
			);
			defaultConfigurationIsVisible = 0;
			defaultConfigurationName = Release;
		};
		5BD692431ED48E9100A323C6 /* Build configuration list for PBXNativeTarget "PnutKit" */ = {
			isa = XCConfigurationList;
			buildConfigurations = (
				5BD692441ED48E9100A323C6 /* Debug */,
				5BD692451ED48E9100A323C6 /* Release */,
			);
			defaultConfigurationIsVisible = 0;
			defaultConfigurationName = Release;
		};
		5BD692461ED48E9100A323C6 /* Build configuration list for PBXNativeTarget "PnutKitTests" */ = {
			isa = XCConfigurationList;
			buildConfigurations = (
				5BD692471ED48E9100A323C6 /* Debug */,
				5BD692481ED48E9100A323C6 /* Release */,
			);
			defaultConfigurationIsVisible = 0;
			defaultConfigurationName = Release;
		};
/* End XCConfigurationList section */
	};
	rootObject = 5BD692261ED48E9000A323C6 /* Project object */;
}
