// !$*UTF8*$!
{
	archiveVersion = 1;
	classes = {
	};
	objectVersion = 48;
	objects = {

/* Begin PBXBuildFile section */
		5B7CD5A01EDFAD49000CD810 /* APIClient.swift in Sources */ = {isa = PBXBuildFile; fileRef = 5B7CD5691EDFAD49000CD810 /* APIClient.swift */; };
		5B7CD5A11EDFAD49000CD810 /* ClientError.swift in Sources */ = {isa = PBXBuildFile; fileRef = 5B7CD56A1EDFAD49000CD810 /* ClientError.swift */; };
		5B7CD5A21EDFAD49000CD810 /* CharacterSet.swift in Sources */ = {isa = PBXBuildFile; fileRef = 5B7CD56C1EDFAD49000CD810 /* CharacterSet.swift */; };
		5B7CD5A31EDFAD49000CD810 /* Data.swift in Sources */ = {isa = PBXBuildFile; fileRef = 5B7CD56D1EDFAD49000CD810 /* Data.swift */; };
		5B7CD5A41EDFAD49000CD810 /* URLComponents.swift in Sources */ = {isa = PBXBuildFile; fileRef = 5B7CD56E1EDFAD49000CD810 /* URLComponents.swift */; };
		5B7CD5A51EDFAD49000CD810 /* URLRequest.swift in Sources */ = {isa = PBXBuildFile; fileRef = 5B7CD56F1EDFAD49000CD810 /* URLRequest.swift */; };
		5B7CD5A61EDFAD49000CD810 /* Functions.swift in Sources */ = {isa = PBXBuildFile; fileRef = 5B7CD5701EDFAD49000CD810 /* Functions.swift */; };
		5B7CD5A71EDFAD49000CD810 /* HTTPMethod.swift in Sources */ = {isa = PBXBuildFile; fileRef = 5B7CD5711EDFAD49000CD810 /* HTTPMethod.swift */; };
		5B7CD5A81EDFAD49000CD810 /* Indirection.swift in Sources */ = {isa = PBXBuildFile; fileRef = 5B7CD5721EDFAD49000CD810 /* Indirection.swift */; };
		5B7CD5A91EDFAD49000CD810 /* Info.plist in Resources */ = {isa = PBXBuildFile; fileRef = 5B7CD5731EDFAD49000CD810 /* Info.plist */; };
		5B7CD5AA1EDFAD49000CD810 /* ACL.swift in Sources */ = {isa = PBXBuildFile; fileRef = 5B7CD5751EDFAD49000CD810 /* ACL.swift */; };
		5B7CD5AB1EDFAD49000CD810 /* AccessScope.swift in Sources */ = {isa = PBXBuildFile; fileRef = 5B7CD5761EDFAD49000CD810 /* AccessScope.swift */; };
		5B7CD5AC1EDFAD49000CD810 /* Channel.swift in Sources */ = {isa = PBXBuildFile; fileRef = 5B7CD5771EDFAD49000CD810 /* Channel.swift */; };
		5B7CD5AD1EDFAD49000CD810 /* Client.swift in Sources */ = {isa = PBXBuildFile; fileRef = 5B7CD5781EDFAD49000CD810 /* Client.swift */; };
		5B7CD5AE1EDFAD49000CD810 /* Configuration.swift in Sources */ = {isa = PBXBuildFile; fileRef = 5B7CD5791EDFAD49000CD810 /* Configuration.swift */; };
		5B7CD5AF1EDFAD49000CD810 /* Content.swift in Sources */ = {isa = PBXBuildFile; fileRef = 5B7CD57A1EDFAD49000CD810 /* Content.swift */; };
		5B7CD5B01EDFAD49000CD810 /* Explore.swift in Sources */ = {isa = PBXBuildFile; fileRef = 5B7CD57B1EDFAD49000CD810 /* Explore.swift */; };
		5B7CD5B11EDFAD49000CD810 /* Image.swift in Sources */ = {isa = PBXBuildFile; fileRef = 5B7CD57C1EDFAD49000CD810 /* Image.swift */; };
		5B7CD5B21EDFAD49000CD810 /* Link.swift in Sources */ = {isa = PBXBuildFile; fileRef = 5B7CD57D1EDFAD49000CD810 /* Link.swift */; };
		5B7CD5B31EDFAD49000CD810 /* LoginResponse.swift in Sources */ = {isa = PBXBuildFile; fileRef = 5B7CD57E1EDFAD49000CD810 /* LoginResponse.swift */; };
		5B7CD5B41EDFAD49000CD810 /* Marker.swift in Sources */ = {isa = PBXBuildFile; fileRef = 5B7CD57F1EDFAD49000CD810 /* Marker.swift */; };
		5B7CD5B51EDFAD49000CD810 /* Mention.swift in Sources */ = {isa = PBXBuildFile; fileRef = 5B7CD5801EDFAD49000CD810 /* Mention.swift */; };
		5B7CD5B61EDFAD49000CD810 /* Message.swift in Sources */ = {isa = PBXBuildFile; fileRef = 5B7CD5811EDFAD49000CD810 /* Message.swift */; };
		5B7CD5B71EDFAD49000CD810 /* Post.swift in Sources */ = {isa = PBXBuildFile; fileRef = 5B7CD5821EDFAD49000CD810 /* Post.swift */; };
		5B7CD5B81EDFAD49000CD810 /* Presence.swift in Sources */ = {isa = PBXBuildFile; fileRef = 5B7CD5831EDFAD49000CD810 /* Presence.swift */; };
		5B7CD5B91EDFAD49000CD810 /* Raw.swift in Sources */ = {isa = PBXBuildFile; fileRef = 5B7CD5841EDFAD49000CD810 /* Raw.swift */; };
		5B7CD5BA1EDFAD49000CD810 /* RequestError.swift in Sources */ = {isa = PBXBuildFile; fileRef = 5B7CD5851EDFAD49000CD810 /* RequestError.swift */; };
		5B7CD5BB1EDFAD49000CD810 /* Source.swift in Sources */ = {isa = PBXBuildFile; fileRef = 5B7CD5861EDFAD49000CD810 /* Source.swift */; };
		5B7CD5BC1EDFAD49000CD810 /* Stats.swift in Sources */ = {isa = PBXBuildFile; fileRef = 5B7CD5871EDFAD49000CD810 /* Stats.swift */; };
		5B7CD5BD1EDFAD49000CD810 /* Stream.swift in Sources */ = {isa = PBXBuildFile; fileRef = 5B7CD5881EDFAD49000CD810 /* Stream.swift */; };
		5B7CD5BE1EDFAD49000CD810 /* Tag.swift in Sources */ = {isa = PBXBuildFile; fileRef = 5B7CD5891EDFAD49000CD810 /* Tag.swift */; };
		5B7CD5BF1EDFAD49000CD810 /* Token.swift in Sources */ = {isa = PBXBuildFile; fileRef = 5B7CD58A1EDFAD49000CD810 /* Token.swift */; };
		5B7CD5C01EDFAD49000CD810 /* User.swift in Sources */ = {isa = PBXBuildFile; fileRef = 5B7CD58B1EDFAD49000CD810 /* User.swift */; };
		5B7CD5C11EDFAD49000CD810 /* Parameter.swift in Sources */ = {isa = PBXBuildFile; fileRef = 5B7CD58C1EDFAD49000CD810 /* Parameter.swift */; };
		5B7CD5C21EDFAD49000CD810 /* Payload.swift in Sources */ = {isa = PBXBuildFile; fileRef = 5B7CD58D1EDFAD49000CD810 /* Payload.swift */; };
		5B7CD5C31EDFAD49000CD810 /* Request.swift in Sources */ = {isa = PBXBuildFile; fileRef = 5B7CD58E1EDFAD49000CD810 /* Request.swift */; };
		5B7CD5C41EDFAD49000CD810 /* RequestParsers.swift in Sources */ = {isa = PBXBuildFile; fileRef = 5B7CD58F1EDFAD49000CD810 /* RequestParsers.swift */; };
		5B7CD5C51EDFAD49000CD810 /* RequestRange.swift in Sources */ = {isa = PBXBuildFile; fileRef = 5B7CD5901EDFAD49000CD810 /* RequestRange.swift */; };
		5B7CD5C61EDFAD49000CD810 /* AppStreams.swift in Sources */ = {isa = PBXBuildFile; fileRef = 5B7CD5921EDFAD49000CD810 /* AppStreams.swift */; };
		5B7CD5C71EDFAD49000CD810 /* Authentication.swift in Sources */ = {isa = PBXBuildFile; fileRef = 5B7CD5931EDFAD49000CD810 /* Authentication.swift */; };
		5B7CD5C81EDFAD49000CD810 /* Channels.swift in Sources */ = {isa = PBXBuildFile; fileRef = 5B7CD5941EDFAD49000CD810 /* Channels.swift */; };
		5B7CD5C91EDFAD49000CD810 /* Clients.swift in Sources */ = {isa = PBXBuildFile; fileRef = 5B7CD5951EDFAD49000CD810 /* Clients.swift */; };
		5B7CD5CA1EDFAD49000CD810 /* Markers.swift in Sources */ = {isa = PBXBuildFile; fileRef = 5B7CD5961EDFAD49000CD810 /* Markers.swift */; };
		5B7CD5CB1EDFAD49000CD810 /* Messages.swift in Sources */ = {isa = PBXBuildFile; fileRef = 5B7CD5971EDFAD49000CD810 /* Messages.swift */; };
		5B7CD5CC1EDFAD49000CD810 /* Posts.swift in Sources */ = {isa = PBXBuildFile; fileRef = 5B7CD5981EDFAD49000CD810 /* Posts.swift */; };
		5B7CD5CD1EDFAD49000CD810 /* Presences.swift in Sources */ = {isa = PBXBuildFile; fileRef = 5B7CD5991EDFAD49000CD810 /* Presences.swift */; };
		5B7CD5CE1EDFAD49000CD810 /* Profiles.swift in Sources */ = {isa = PBXBuildFile; fileRef = 5B7CD59A1EDFAD49000CD810 /* Profiles.swift */; };
		5B7CD5CF1EDFAD49000CD810 /* Streams.swift in Sources */ = {isa = PBXBuildFile; fileRef = 5B7CD59B1EDFAD49000CD810 /* Streams.swift */; };
		5B7CD5D01EDFAD49000CD810 /* System.swift in Sources */ = {isa = PBXBuildFile; fileRef = 5B7CD59C1EDFAD49000CD810 /* System.swift */; };
		5B7CD5D11EDFAD49000CD810 /* TextProcessor.swift in Sources */ = {isa = PBXBuildFile; fileRef = 5B7CD59D1EDFAD49000CD810 /* TextProcessor.swift */; };
		5B7CD5D21EDFAD49000CD810 /* Users.swift in Sources */ = {isa = PBXBuildFile; fileRef = 5B7CD59E1EDFAD49000CD810 /* Users.swift */; };
		5B7CD5D31EDFAD49000CD810 /* Serializable.swift in Sources */ = {isa = PBXBuildFile; fileRef = 5B7CD59F1EDFAD49000CD810 /* Serializable.swift */; };
		5B7CD5D81EDFAD5D000CD810 /* Info.plist in Resources */ = {isa = PBXBuildFile; fileRef = 5B7CD5D61EDFAD5D000CD810 /* Info.plist */; };
		5B7CD5D91EDFAD5D000CD810 /* PnutKitTests.swift in Sources */ = {isa = PBXBuildFile; fileRef = 5B7CD5D71EDFAD5D000CD810 /* PnutKitTests.swift */; };
		5BD692391ED48E9100A323C6 /* PnutKit.framework in Frameworks */ = {isa = PBXBuildFile; fileRef = 5BD6922F1ED48E9000A323C6 /* PnutKit.framework */; };
/* End PBXBuildFile section */

/* Begin PBXContainerItemProxy section */
		5BD6923A1ED48E9100A323C6 /* PBXContainerItemProxy */ = {
			isa = PBXContainerItemProxy;
			containerPortal = 5BD692261ED48E9000A323C6 /* Project object */;
			proxyType = 1;
			remoteGlobalIDString = 5BD6922E1ED48E9000A323C6;
			remoteInfo = PnutKit;
		};
/* End PBXContainerItemProxy section */

/* Begin PBXFileReference section */
		5B7CD5691EDFAD49000CD810 /* APIClient.swift */ = {isa = PBXFileReference; fileEncoding = 4; lastKnownFileType = sourcecode.swift; path = APIClient.swift; sourceTree = "<group>"; };
		5B7CD56A1EDFAD49000CD810 /* ClientError.swift */ = {isa = PBXFileReference; fileEncoding = 4; lastKnownFileType = sourcecode.swift; path = ClientError.swift; sourceTree = "<group>"; };
		5B7CD56C1EDFAD49000CD810 /* CharacterSet.swift */ = {isa = PBXFileReference; fileEncoding = 4; lastKnownFileType = sourcecode.swift; path = CharacterSet.swift; sourceTree = "<group>"; };
		5B7CD56D1EDFAD49000CD810 /* Data.swift */ = {isa = PBXFileReference; fileEncoding = 4; lastKnownFileType = sourcecode.swift; path = Data.swift; sourceTree = "<group>"; };
		5B7CD56E1EDFAD49000CD810 /* URLComponents.swift */ = {isa = PBXFileReference; fileEncoding = 4; lastKnownFileType = sourcecode.swift; path = URLComponents.swift; sourceTree = "<group>"; };
		5B7CD56F1EDFAD49000CD810 /* URLRequest.swift */ = {isa = PBXFileReference; fileEncoding = 4; lastKnownFileType = sourcecode.swift; path = URLRequest.swift; sourceTree = "<group>"; };
		5B7CD5701EDFAD49000CD810 /* Functions.swift */ = {isa = PBXFileReference; fileEncoding = 4; lastKnownFileType = sourcecode.swift; path = Functions.swift; sourceTree = "<group>"; };
		5B7CD5711EDFAD49000CD810 /* HTTPMethod.swift */ = {isa = PBXFileReference; fileEncoding = 4; lastKnownFileType = sourcecode.swift; path = HTTPMethod.swift; sourceTree = "<group>"; };
		5B7CD5721EDFAD49000CD810 /* Indirection.swift */ = {isa = PBXFileReference; fileEncoding = 4; lastKnownFileType = sourcecode.swift; path = Indirection.swift; sourceTree = "<group>"; };
		5B7CD5731EDFAD49000CD810 /* Info.plist */ = {isa = PBXFileReference; fileEncoding = 4; lastKnownFileType = text.plist.xml; path = Info.plist; sourceTree = "<group>"; };
		5B7CD5751EDFAD49000CD810 /* ACL.swift */ = {isa = PBXFileReference; fileEncoding = 4; lastKnownFileType = sourcecode.swift; path = ACL.swift; sourceTree = "<group>"; };
		5B7CD5761EDFAD49000CD810 /* AccessScope.swift */ = {isa = PBXFileReference; fileEncoding = 4; lastKnownFileType = sourcecode.swift; path = AccessScope.swift; sourceTree = "<group>"; };
		5B7CD5771EDFAD49000CD810 /* Channel.swift */ = {isa = PBXFileReference; fileEncoding = 4; lastKnownFileType = sourcecode.swift; path = Channel.swift; sourceTree = "<group>"; };
		5B7CD5781EDFAD49000CD810 /* Client.swift */ = {isa = PBXFileReference; fileEncoding = 4; lastKnownFileType = sourcecode.swift; path = Client.swift; sourceTree = "<group>"; };
		5B7CD5791EDFAD49000CD810 /* Configuration.swift */ = {isa = PBXFileReference; fileEncoding = 4; lastKnownFileType = sourcecode.swift; path = Configuration.swift; sourceTree = "<group>"; };
		5B7CD57A1EDFAD49000CD810 /* Content.swift */ = {isa = PBXFileReference; fileEncoding = 4; lastKnownFileType = sourcecode.swift; path = Content.swift; sourceTree = "<group>"; };
		5B7CD57B1EDFAD49000CD810 /* Explore.swift */ = {isa = PBXFileReference; fileEncoding = 4; lastKnownFileType = sourcecode.swift; path = Explore.swift; sourceTree = "<group>"; };
		5B7CD57C1EDFAD49000CD810 /* Image.swift */ = {isa = PBXFileReference; fileEncoding = 4; lastKnownFileType = sourcecode.swift; path = Image.swift; sourceTree = "<group>"; };
		5B7CD57D1EDFAD49000CD810 /* Link.swift */ = {isa = PBXFileReference; fileEncoding = 4; lastKnownFileType = sourcecode.swift; path = Link.swift; sourceTree = "<group>"; };
		5B7CD57E1EDFAD49000CD810 /* LoginResponse.swift */ = {isa = PBXFileReference; fileEncoding = 4; lastKnownFileType = sourcecode.swift; path = LoginResponse.swift; sourceTree = "<group>"; };
		5B7CD57F1EDFAD49000CD810 /* Marker.swift */ = {isa = PBXFileReference; fileEncoding = 4; lastKnownFileType = sourcecode.swift; path = Marker.swift; sourceTree = "<group>"; };
		5B7CD5801EDFAD49000CD810 /* Mention.swift */ = {isa = PBXFileReference; fileEncoding = 4; lastKnownFileType = sourcecode.swift; path = Mention.swift; sourceTree = "<group>"; };
		5B7CD5811EDFAD49000CD810 /* Message.swift */ = {isa = PBXFileReference; fileEncoding = 4; lastKnownFileType = sourcecode.swift; path = Message.swift; sourceTree = "<group>"; };
		5B7CD5821EDFAD49000CD810 /* Post.swift */ = {isa = PBXFileReference; fileEncoding = 4; lastKnownFileType = sourcecode.swift; path = Post.swift; sourceTree = "<group>"; };
		5B7CD5831EDFAD49000CD810 /* Presence.swift */ = {isa = PBXFileReference; fileEncoding = 4; lastKnownFileType = sourcecode.swift; path = Presence.swift; sourceTree = "<group>"; };
		5B7CD5841EDFAD49000CD810 /* Raw.swift */ = {isa = PBXFileReference; fileEncoding = 4; lastKnownFileType = sourcecode.swift; path = Raw.swift; sourceTree = "<group>"; };
		5B7CD5851EDFAD49000CD810 /* RequestError.swift */ = {isa = PBXFileReference; fileEncoding = 4; lastKnownFileType = sourcecode.swift; path = RequestError.swift; sourceTree = "<group>"; };
		5B7CD5861EDFAD49000CD810 /* Source.swift */ = {isa = PBXFileReference; fileEncoding = 4; lastKnownFileType = sourcecode.swift; path = Source.swift; sourceTree = "<group>"; };
		5B7CD5871EDFAD49000CD810 /* Stats.swift */ = {isa = PBXFileReference; fileEncoding = 4; lastKnownFileType = sourcecode.swift; path = Stats.swift; sourceTree = "<group>"; };
		5B7CD5881EDFAD49000CD810 /* Stream.swift */ = {isa = PBXFileReference; fileEncoding = 4; lastKnownFileType = sourcecode.swift; path = Stream.swift; sourceTree = "<group>"; };
		5B7CD5891EDFAD49000CD810 /* Tag.swift */ = {isa = PBXFileReference; fileEncoding = 4; lastKnownFileType = sourcecode.swift; path = Tag.swift; sourceTree = "<group>"; };
		5B7CD58A1EDFAD49000CD810 /* Token.swift */ = {isa = PBXFileReference; fileEncoding = 4; lastKnownFileType = sourcecode.swift; path = Token.swift; sourceTree = "<group>"; };
		5B7CD58B1EDFAD49000CD810 /* User.swift */ = {isa = PBXFileReference; fileEncoding = 4; lastKnownFileType = sourcecode.swift; path = User.swift; sourceTree = "<group>"; };
		5B7CD58C1EDFAD49000CD810 /* Parameter.swift */ = {isa = PBXFileReference; fileEncoding = 4; lastKnownFileType = sourcecode.swift; path = Parameter.swift; sourceTree = "<group>"; };
		5B7CD58D1EDFAD49000CD810 /* Payload.swift */ = {isa = PBXFileReference; fileEncoding = 4; lastKnownFileType = sourcecode.swift; path = Payload.swift; sourceTree = "<group>"; };
		5B7CD58E1EDFAD49000CD810 /* Request.swift */ = {isa = PBXFileReference; fileEncoding = 4; lastKnownFileType = sourcecode.swift; path = Request.swift; sourceTree = "<group>"; };
		5B7CD58F1EDFAD49000CD810 /* RequestParsers.swift */ = {isa = PBXFileReference; fileEncoding = 4; lastKnownFileType = sourcecode.swift; path = RequestParsers.swift; sourceTree = "<group>"; };
		5B7CD5901EDFAD49000CD810 /* RequestRange.swift */ = {isa = PBXFileReference; fileEncoding = 4; lastKnownFileType = sourcecode.swift; path = RequestRange.swift; sourceTree = "<group>"; };
		5B7CD5921EDFAD49000CD810 /* AppStreams.swift */ = {isa = PBXFileReference; fileEncoding = 4; lastKnownFileType = sourcecode.swift; path = AppStreams.swift; sourceTree = "<group>"; };
		5B7CD5931EDFAD49000CD810 /* Authentication.swift */ = {isa = PBXFileReference; fileEncoding = 4; lastKnownFileType = sourcecode.swift; path = Authentication.swift; sourceTree = "<group>"; };
		5B7CD5941EDFAD49000CD810 /* Channels.swift */ = {isa = PBXFileReference; fileEncoding = 4; lastKnownFileType = sourcecode.swift; path = Channels.swift; sourceTree = "<group>"; };
		5B7CD5951EDFAD49000CD810 /* Clients.swift */ = {isa = PBXFileReference; fileEncoding = 4; lastKnownFileType = sourcecode.swift; path = Clients.swift; sourceTree = "<group>"; };
		5B7CD5961EDFAD49000CD810 /* Markers.swift */ = {isa = PBXFileReference; fileEncoding = 4; lastKnownFileType = sourcecode.swift; path = Markers.swift; sourceTree = "<group>"; };
		5B7CD5971EDFAD49000CD810 /* Messages.swift */ = {isa = PBXFileReference; fileEncoding = 4; lastKnownFileType = sourcecode.swift; path = Messages.swift; sourceTree = "<group>"; };
		5B7CD5981EDFAD49000CD810 /* Posts.swift */ = {isa = PBXFileReference; fileEncoding = 4; lastKnownFileType = sourcecode.swift; path = Posts.swift; sourceTree = "<group>"; };
		5B7CD5991EDFAD49000CD810 /* Presences.swift */ = {isa = PBXFileReference; fileEncoding = 4; lastKnownFileType = sourcecode.swift; path = Presences.swift; sourceTree = "<group>"; };
		5B7CD59A1EDFAD49000CD810 /* Profiles.swift */ = {isa = PBXFileReference; fileEncoding = 4; lastKnownFileType = sourcecode.swift; path = Profiles.swift; sourceTree = "<group>"; };
		5B7CD59B1EDFAD49000CD810 /* Streams.swift */ = {isa = PBXFileReference; fileEncoding = 4; lastKnownFileType = sourcecode.swift; path = Streams.swift; sourceTree = "<group>"; };
		5B7CD59C1EDFAD49000CD810 /* System.swift */ = {isa = PBXFileReference; fileEncoding = 4; lastKnownFileType = sourcecode.swift; path = System.swift; sourceTree = "<group>"; };
		5B7CD59D1EDFAD49000CD810 /* TextProcessor.swift */ = {isa = PBXFileReference; fileEncoding = 4; lastKnownFileType = sourcecode.swift; path = TextProcessor.swift; sourceTree = "<group>"; };
		5B7CD59E1EDFAD49000CD810 /* Users.swift */ = {isa = PBXFileReference; fileEncoding = 4; lastKnownFileType = sourcecode.swift; path = Users.swift; sourceTree = "<group>"; };
		5B7CD59F1EDFAD49000CD810 /* Serializable.swift */ = {isa = PBXFileReference; fileEncoding = 4; lastKnownFileType = sourcecode.swift; path = Serializable.swift; sourceTree = "<group>"; };
		5B7CD5D61EDFAD5D000CD810 /* Info.plist */ = {isa = PBXFileReference; fileEncoding = 4; lastKnownFileType = text.plist.xml; path = Info.plist; sourceTree = "<group>"; };
		5B7CD5D71EDFAD5D000CD810 /* PnutKitTests.swift */ = {isa = PBXFileReference; fileEncoding = 4; lastKnownFileType = sourcecode.swift; path = PnutKitTests.swift; sourceTree = "<group>"; };
		5B7CD5DA1EDFAD70000CD810 /* Package.swift */ = {isa = PBXFileReference; lastKnownFileType = sourcecode.swift; path = Package.swift; sourceTree = "<group>"; };
		5BD6922F1ED48E9000A323C6 /* PnutKit.framework */ = {isa = PBXFileReference; explicitFileType = wrapper.framework; includeInIndex = 0; path = PnutKit.framework; sourceTree = BUILT_PRODUCTS_DIR; };
		5BD692381ED48E9100A323C6 /* PnutKitTests.xctest */ = {isa = PBXFileReference; explicitFileType = wrapper.cfbundle; includeInIndex = 0; path = PnutKitTests.xctest; sourceTree = BUILT_PRODUCTS_DIR; };
		5BD692DA1ED49BF800A323C6 /* PnutKit.xcconfig */ = {isa = PBXFileReference; lastKnownFileType = text.xcconfig; path = PnutKit.xcconfig; sourceTree = "<group>"; };
		5BFEB2571ED620FF00064A03 /* PnutKit.podspec */ = {isa = PBXFileReference; explicitFileType = text.script.ruby; path = PnutKit.podspec; sourceTree = "<group>"; };
/* End PBXFileReference section */

/* Begin PBXFrameworksBuildPhase section */
		5BD6922B1ED48E9000A323C6 /* Frameworks */ = {
			isa = PBXFrameworksBuildPhase;
			buildActionMask = 2147483647;
			files = (
			);
			runOnlyForDeploymentPostprocessing = 0;
		};
		5BD692351ED48E9100A323C6 /* Frameworks */ = {
			isa = PBXFrameworksBuildPhase;
			buildActionMask = 2147483647;
			files = (
				5BD692391ED48E9100A323C6 /* PnutKit.framework in Frameworks */,
			);
			runOnlyForDeploymentPostprocessing = 0;
		};
/* End PBXFrameworksBuildPhase section */

/* Begin PBXGroup section */
		5B7CD5671EDFAD49000CD810 /* Sources */ = {
			isa = PBXGroup;
			children = (
				5B7CD5681EDFAD49000CD810 /* PnutKit */,
			);
			path = Sources;
			sourceTree = SOURCE_ROOT;
		};
		5B7CD5681EDFAD49000CD810 /* PnutKit */ = {
			isa = PBXGroup;
			children = (
				5B7CD5691EDFAD49000CD810 /* APIClient.swift */,
				5B7CD56A1EDFAD49000CD810 /* ClientError.swift */,
				5B7CD56B1EDFAD49000CD810 /* Foundation */,
				5B7CD5701EDFAD49000CD810 /* Functions.swift */,
				5B7CD5711EDFAD49000CD810 /* HTTPMethod.swift */,
				5B7CD5721EDFAD49000CD810 /* Indirection.swift */,
				5B7CD5731EDFAD49000CD810 /* Info.plist */,
				5B7CD5741EDFAD49000CD810 /* Models */,
				5B7CD58C1EDFAD49000CD810 /* Parameter.swift */,
				5B7CD58D1EDFAD49000CD810 /* Payload.swift */,
				5B7CD58E1EDFAD49000CD810 /* Request.swift */,
				5B7CD58F1EDFAD49000CD810 /* RequestParsers.swift */,
				5B7CD5901EDFAD49000CD810 /* RequestRange.swift */,
				5B7CD5911EDFAD49000CD810 /* Requests */,
				5B7CD59F1EDFAD49000CD810 /* Serializable.swift */,
			);
			path = PnutKit;
			sourceTree = "<group>";
		};
		5B7CD56B1EDFAD49000CD810 /* Foundation */ = {
			isa = PBXGroup;
			children = (
				5B7CD56C1EDFAD49000CD810 /* CharacterSet.swift */,
				5B7CD56D1EDFAD49000CD810 /* Data.swift */,
				5B7CD56E1EDFAD49000CD810 /* URLComponents.swift */,
				5B7CD56F1EDFAD49000CD810 /* URLRequest.swift */,
			);
			path = Foundation;
			sourceTree = "<group>";
		};
		5B7CD5741EDFAD49000CD810 /* Models */ = {
			isa = PBXGroup;
			children = (
				5B7CD5751EDFAD49000CD810 /* ACL.swift */,
				5B7CD5761EDFAD49000CD810 /* AccessScope.swift */,
				5B7CD5771EDFAD49000CD810 /* Channel.swift */,
				5B7CD5781EDFAD49000CD810 /* Client.swift */,
				5B7CD5791EDFAD49000CD810 /* Configuration.swift */,
				5B7CD57A1EDFAD49000CD810 /* Content.swift */,
				5B7CD57B1EDFAD49000CD810 /* Explore.swift */,
				5B7CD57C1EDFAD49000CD810 /* Image.swift */,
				5B7CD57D1EDFAD49000CD810 /* Link.swift */,
				5B7CD57E1EDFAD49000CD810 /* LoginResponse.swift */,
				5B7CD57F1EDFAD49000CD810 /* Marker.swift */,
				5B7CD5801EDFAD49000CD810 /* Mention.swift */,
				5B7CD5811EDFAD49000CD810 /* Message.swift */,
				5B7CD5821EDFAD49000CD810 /* Post.swift */,
				5B7CD5831EDFAD49000CD810 /* Presence.swift */,
				5B7CD5841EDFAD49000CD810 /* Raw.swift */,
				5B7CD5851EDFAD49000CD810 /* RequestError.swift */,
				5B7CD5861EDFAD49000CD810 /* Source.swift */,
				5B7CD5871EDFAD49000CD810 /* Stats.swift */,
				5B7CD5881EDFAD49000CD810 /* Stream.swift */,
				5B7CD5891EDFAD49000CD810 /* Tag.swift */,
				5B7CD58A1EDFAD49000CD810 /* Token.swift */,
				5B7CD58B1EDFAD49000CD810 /* User.swift */,
			);
			path = Models;
			sourceTree = "<group>";
		};
		5B7CD5911EDFAD49000CD810 /* Requests */ = {
			isa = PBXGroup;
			children = (
				5B7CD5921EDFAD49000CD810 /* AppStreams.swift */,
				5B7CD5931EDFAD49000CD810 /* Authentication.swift */,
				5B7CD5941EDFAD49000CD810 /* Channels.swift */,
				5B7CD5951EDFAD49000CD810 /* Clients.swift */,
				5B7CD5961EDFAD49000CD810 /* Markers.swift */,
				5B7CD5971EDFAD49000CD810 /* Messages.swift */,
				5B7CD5981EDFAD49000CD810 /* Posts.swift */,
				5B7CD5991EDFAD49000CD810 /* Presences.swift */,
				5B7CD59A1EDFAD49000CD810 /* Profiles.swift */,
				5B7CD59B1EDFAD49000CD810 /* Streams.swift */,
				5B7CD59C1EDFAD49000CD810 /* System.swift */,
				5B7CD59D1EDFAD49000CD810 /* TextProcessor.swift */,
				5B7CD59E1EDFAD49000CD810 /* Users.swift */,
			);
			path = Requests;
			sourceTree = "<group>";
		};
		5B7CD5D41EDFAD5D000CD810 /* Tests */ = {
			isa = PBXGroup;
			children = (
				5B7CD5D51EDFAD5D000CD810 /* PnutKitTests */,
			);
			path = Tests;
			sourceTree = "<group>";
		};
		5B7CD5D51EDFAD5D000CD810 /* PnutKitTests */ = {
			isa = PBXGroup;
			children = (
				5B7CD5D61EDFAD5D000CD810 /* Info.plist */,
				5B7CD5D71EDFAD5D000CD810 /* PnutKitTests.swift */,
			);
			path = PnutKitTests;
			sourceTree = "<group>";
		};
		5BD692251ED48E9000A323C6 = {
			isa = PBXGroup;
			children = (
				5B7CD5DA1EDFAD70000CD810 /* Package.swift */,
				5BD692D91ED49BF800A323C6 /* Configuration */,
				5BFEB2571ED620FF00064A03 /* PnutKit.podspec */,
				5BD692301ED48E9000A323C6 /* Products */,
				5B7CD5671EDFAD49000CD810 /* Sources */,
				5B7CD5D41EDFAD5D000CD810 /* Tests */,
			);
			sourceTree = "<group>";
		};
		5BD692301ED48E9000A323C6 /* Products */ = {
			isa = PBXGroup;
			children = (
				5BD6922F1ED48E9000A323C6 /* PnutKit.framework */,
				5BD692381ED48E9100A323C6 /* PnutKitTests.xctest */,
			);
			name = Products;
			sourceTree = "<group>";
		};
		5BD692D91ED49BF800A323C6 /* Configuration */ = {
			isa = PBXGroup;
			children = (
				5BD692DA1ED49BF800A323C6 /* PnutKit.xcconfig */,
			);
			path = Configuration;
			sourceTree = "<group>";
		};
/* End PBXGroup section */

/* Begin PBXHeadersBuildPhase section */
		5BD6922C1ED48E9000A323C6 /* Headers */ = {
			isa = PBXHeadersBuildPhase;
			buildActionMask = 2147483647;
			files = (
			);
			runOnlyForDeploymentPostprocessing = 0;
		};
/* End PBXHeadersBuildPhase section */

/* Begin PBXNativeTarget section */
		5BD6922E1ED48E9000A323C6 /* PnutKit */ = {
			isa = PBXNativeTarget;
			buildConfigurationList = 5BD692431ED48E9100A323C6 /* Build configuration list for PBXNativeTarget "PnutKit" */;
			buildPhases = (
				5BD6922A1ED48E9000A323C6 /* Sources */,
				5BD6922B1ED48E9000A323C6 /* Frameworks */,
				5BD6922C1ED48E9000A323C6 /* Headers */,
				5BD6922D1ED48E9000A323C6 /* Resources */,
			);
			buildRules = (
			);
			dependencies = (
			);
			name = PnutKit;
			productName = PnutKit;
			productReference = 5BD6922F1ED48E9000A323C6 /* PnutKit.framework */;
			productType = "com.apple.product-type.framework";
		};
		5BD692371ED48E9100A323C6 /* PnutKitTests */ = {
			isa = PBXNativeTarget;
			buildConfigurationList = 5BD692461ED48E9100A323C6 /* Build configuration list for PBXNativeTarget "PnutKitTests" */;
			buildPhases = (
				5BD692341ED48E9100A323C6 /* Sources */,
				5BD692351ED48E9100A323C6 /* Frameworks */,
				5BD692361ED48E9100A323C6 /* Resources */,
			);
			buildRules = (
			);
			dependencies = (
				5BD6923B1ED48E9100A323C6 /* PBXTargetDependency */,
			);
			name = PnutKitTests;
			productName = PnutKitTests;
			productReference = 5BD692381ED48E9100A323C6 /* PnutKitTests.xctest */;
			productType = "com.apple.product-type.bundle.unit-test";
		};
/* End PBXNativeTarget section */

/* Begin PBXProject section */
		5BD692261ED48E9000A323C6 /* Project object */ = {
			isa = PBXProject;
			attributes = {
				CLASSPREFIX = PNK;
				LastSwiftUpdateCheck = 0830;
				LastUpgradeCheck = 0830;
				ORGANIZATIONNAME = "Pilgrimage Software";
				TargetAttributes = {
					5BD6922E1ED48E9000A323C6 = {
						CreatedOnToolsVersion = 8.3.2;
						DevelopmentTeam = DQUTMGPMX5;
						LastSwiftMigration = 0830;
						ProvisioningStyle = Automatic;
					};
					5BD692371ED48E9100A323C6 = {
						CreatedOnToolsVersion = 8.3.2;
						DevelopmentTeam = DQUTMGPMX5;
						ProvisioningStyle = Automatic;
					};
				};
			};
			buildConfigurationList = 5BD692291ED48E9000A323C6 /* Build configuration list for PBXProject "PnutKit" */;
			compatibilityVersion = "Xcode 8.0";
			developmentRegion = English;
			hasScannedForEncodings = 0;
			knownRegions = (
				en,
			);
			mainGroup = 5BD692251ED48E9000A323C6;
			productRefGroup = 5BD692301ED48E9000A323C6 /* Products */;
			projectDirPath = "";
			projectRoot = "";
			targets = (
				5BD6922E1ED48E9000A323C6 /* PnutKit */,
				5BD692371ED48E9100A323C6 /* PnutKitTests */,
			);
		};
/* End PBXProject section */

/* Begin PBXResourcesBuildPhase section */
		5BD6922D1ED48E9000A323C6 /* Resources */ = {
			isa = PBXResourcesBuildPhase;
			buildActionMask = 2147483647;
			files = (
				5B7CD5A91EDFAD49000CD810 /* Info.plist in Resources */,
			);
			runOnlyForDeploymentPostprocessing = 0;
		};
		5BD692361ED48E9100A323C6 /* Resources */ = {
			isa = PBXResourcesBuildPhase;
			buildActionMask = 2147483647;
			files = (
				5B7CD5D81EDFAD5D000CD810 /* Info.plist in Resources */,
			);
			runOnlyForDeploymentPostprocessing = 0;
		};
/* End PBXResourcesBuildPhase section */

/* Begin PBXSourcesBuildPhase section */
		5BD6922A1ED48E9000A323C6 /* Sources */ = {
			isa = PBXSourcesBuildPhase;
			buildActionMask = 2147483647;
			files = (
				5B7CD5C41EDFAD49000CD810 /* RequestParsers.swift in Sources */,
				5B7CD5A01EDFAD49000CD810 /* APIClient.swift in Sources */,
				5B7CD5B51EDFAD49000CD810 /* Mention.swift in Sources */,
				5B7CD5AC1EDFAD49000CD810 /* Channel.swift in Sources */,
				5B7CD5AE1EDFAD49000CD810 /* Configuration.swift in Sources */,
				5B7CD5C01EDFAD49000CD810 /* User.swift in Sources */,
				5B7CD5A11EDFAD49000CD810 /* ClientError.swift in Sources */,
				5B7CD5BD1EDFAD49000CD810 /* Stream.swift in Sources */,
				5B7CD5A41EDFAD49000CD810 /* URLComponents.swift in Sources */,
				5B7CD5A61EDFAD49000CD810 /* Functions.swift in Sources */,
				5B7CD5C11EDFAD49000CD810 /* Parameter.swift in Sources */,
				5B7CD5CE1EDFAD49000CD810 /* Profiles.swift in Sources */,
				5B7CD5D21EDFAD49000CD810 /* Users.swift in Sources */,
				5B7CD5C51EDFAD49000CD810 /* RequestRange.swift in Sources */,
				5B7CD5B31EDFAD49000CD810 /* LoginResponse.swift in Sources */,
				5B7CD5D11EDFAD49000CD810 /* TextProcessor.swift in Sources */,
				5B7CD5AA1EDFAD49000CD810 /* ACL.swift in Sources */,
				5B7CD5B91EDFAD49000CD810 /* Raw.swift in Sources */,
				5B7CD5B01EDFAD49000CD810 /* Explore.swift in Sources */,
				5B7CD5BE1EDFAD49000CD810 /* Tag.swift in Sources */,
				5B7CD5C91EDFAD49000CD810 /* Clients.swift in Sources */,
				5B7CD5D31EDFAD49000CD810 /* Serializable.swift in Sources */,
				5B7CD5C71EDFAD49000CD810 /* Authentication.swift in Sources */,
				5B7CD5B41EDFAD49000CD810 /* Marker.swift in Sources */,
				5B7CD5AD1EDFAD49000CD810 /* Client.swift in Sources */,
				5B7CD5B71EDFAD49000CD810 /* Post.swift in Sources */,
				5B7CD5BB1EDFAD49000CD810 /* Source.swift in Sources */,
				5B7CD5AF1EDFAD49000CD810 /* Content.swift in Sources */,
				5B7CD5A81EDFAD49000CD810 /* Indirection.swift in Sources */,
				5B7CD5C61EDFAD49000CD810 /* AppStreams.swift in Sources */,
				5B7CD5BC1EDFAD49000CD810 /* Stats.swift in Sources */,
				5B7CD5D01EDFAD49000CD810 /* System.swift in Sources */,
				5B7CD5CD1EDFAD49000CD810 /* Presences.swift in Sources */,
				5B7CD5B11EDFAD49000CD810 /* Image.swift in Sources */,
				5B7CD5AB1EDFAD49000CD810 /* AccessScope.swift in Sources */,
				5B7CD5A71EDFAD49000CD810 /* HTTPMethod.swift in Sources */,
				5B7CD5C81EDFAD49000CD810 /* Channels.swift in Sources */,
				5B7CD5B61EDFAD49000CD810 /* Message.swift in Sources */,
				5B7CD5A51EDFAD49000CD810 /* URLRequest.swift in Sources */,
				5B7CD5BF1EDFAD49000CD810 /* Token.swift in Sources */,
				5B7CD5C21EDFAD49000CD810 /* Payload.swift in Sources */,
				5B7CD5B21EDFAD49000CD810 /* Link.swift in Sources */,
				5B7CD5CF1EDFAD49000CD810 /* Streams.swift in Sources */,
				5B7CD5BA1EDFAD49000CD810 /* RequestError.swift in Sources */,
				5B7CD5A21EDFAD49000CD810 /* CharacterSet.swift in Sources */,
				5B7CD5C31EDFAD49000CD810 /* Request.swift in Sources */,
				5B7CD5CC1EDFAD49000CD810 /* Posts.swift in Sources */,
				5B7CD5B81EDFAD49000CD810 /* Presence.swift in Sources */,
				5B7CD5A31EDFAD49000CD810 /* Data.swift in Sources */,
				5B7CD5CA1EDFAD49000CD810 /* Markers.swift in Sources */,
				5B7CD5CB1EDFAD49000CD810 /* Messages.swift in Sources */,
			);
			runOnlyForDeploymentPostprocessing = 0;
		};
		5BD692341ED48E9100A323C6 /* Sources */ = {
			isa = PBXSourcesBuildPhase;
			buildActionMask = 2147483647;
			files = (
				5B7CD5D91EDFAD5D000CD810 /* PnutKitTests.swift in Sources */,
			);
			runOnlyForDeploymentPostprocessing = 0;
		};
/* End PBXSourcesBuildPhase section */

/* Begin PBXTargetDependency section */
		5BD6923B1ED48E9100A323C6 /* PBXTargetDependency */ = {
			isa = PBXTargetDependency;
			target = 5BD6922E1ED48E9000A323C6 /* PnutKit */;
			targetProxy = 5BD6923A1ED48E9100A323C6 /* PBXContainerItemProxy */;
		};
/* End PBXTargetDependency section */

/* Begin XCBuildConfiguration section */
		5BD692411ED48E9100A323C6 /* Debug */ = {
			isa = XCBuildConfiguration;
			buildSettings = {
				ALWAYS_SEARCH_USER_PATHS = NO;
				CLANG_ANALYZER_NONNULL = YES;
				CLANG_ANALYZER_NUMBER_OBJECT_CONVERSION = YES_AGGRESSIVE;
				CLANG_CXX_LANGUAGE_STANDARD = "gnu++0x";
				CLANG_CXX_LIBRARY = "libc++";
				CLANG_ENABLE_MODULES = YES;
				CLANG_ENABLE_OBJC_ARC = YES;
				CLANG_WARN_BOOL_CONVERSION = YES;
				CLANG_WARN_CONSTANT_CONVERSION = YES;
				CLANG_WARN_DIRECT_OBJC_ISA_USAGE = YES_ERROR;
				CLANG_WARN_DOCUMENTATION_COMMENTS = YES;
				CLANG_WARN_EMPTY_BODY = YES;
				CLANG_WARN_ENUM_CONVERSION = YES;
				CLANG_WARN_INFINITE_RECURSION = YES;
				CLANG_WARN_INT_CONVERSION = YES;
				CLANG_WARN_OBJC_ROOT_CLASS = YES_ERROR;
				CLANG_WARN_SUSPICIOUS_MOVE = YES;
				CLANG_WARN_UNREACHABLE_CODE = YES;
				CLANG_WARN__DUPLICATE_METHOD_MATCH = YES;
				"CODE_SIGN_IDENTITY[sdk=iphoneos*]" = "iPhone Developer";
				COPY_PHASE_STRIP = NO;
				CURRENT_PROJECT_VERSION = 1;
				DEBUG_INFORMATION_FORMAT = dwarf;
				ENABLE_STRICT_OBJC_MSGSEND = YES;
				ENABLE_TESTABILITY = YES;
				GCC_C_LANGUAGE_STANDARD = gnu99;
				GCC_DYNAMIC_NO_PIC = NO;
				GCC_NO_COMMON_BLOCKS = YES;
				GCC_OPTIMIZATION_LEVEL = 0;
				GCC_PREPROCESSOR_DEFINITIONS = (
					"DEBUG=1",
					"$(inherited)",
				);
				GCC_WARN_64_TO_32_BIT_CONVERSION = YES;
				GCC_WARN_ABOUT_RETURN_TYPE = YES_ERROR;
				GCC_WARN_UNDECLARED_SELECTOR = YES;
				GCC_WARN_UNINITIALIZED_AUTOS = YES_AGGRESSIVE;
				GCC_WARN_UNUSED_FUNCTION = YES;
				GCC_WARN_UNUSED_VARIABLE = YES;
				IPHONEOS_DEPLOYMENT_TARGET = 10.3;
				MTL_ENABLE_DEBUG_INFO = YES;
				ONLY_ACTIVE_ARCH = YES;
				SDKROOT = iphoneos;
				SWIFT_ACTIVE_COMPILATION_CONDITIONS = DEBUG;
				SWIFT_OPTIMIZATION_LEVEL = "-Onone";
				TARGETED_DEVICE_FAMILY = "1,2";
				VERSIONING_SYSTEM = "apple-generic";
				VERSION_INFO_PREFIX = "";
			};
			name = Debug;
		};
		5BD692421ED48E9100A323C6 /* Release */ = {
			isa = XCBuildConfiguration;
			buildSettings = {
				ALWAYS_SEARCH_USER_PATHS = NO;
				CLANG_ANALYZER_NONNULL = YES;
				CLANG_ANALYZER_NUMBER_OBJECT_CONVERSION = YES_AGGRESSIVE;
				CLANG_CXX_LANGUAGE_STANDARD = "gnu++0x";
				CLANG_CXX_LIBRARY = "libc++";
				CLANG_ENABLE_MODULES = YES;
				CLANG_ENABLE_OBJC_ARC = YES;
				CLANG_WARN_BOOL_CONVERSION = YES;
				CLANG_WARN_CONSTANT_CONVERSION = YES;
				CLANG_WARN_DIRECT_OBJC_ISA_USAGE = YES_ERROR;
				CLANG_WARN_DOCUMENTATION_COMMENTS = YES;
				CLANG_WARN_EMPTY_BODY = YES;
				CLANG_WARN_ENUM_CONVERSION = YES;
				CLANG_WARN_INFINITE_RECURSION = YES;
				CLANG_WARN_INT_CONVERSION = YES;
				CLANG_WARN_OBJC_ROOT_CLASS = YES_ERROR;
				CLANG_WARN_SUSPICIOUS_MOVE = YES;
				CLANG_WARN_UNREACHABLE_CODE = YES;
				CLANG_WARN__DUPLICATE_METHOD_MATCH = YES;
				"CODE_SIGN_IDENTITY[sdk=iphoneos*]" = "iPhone Developer";
				COPY_PHASE_STRIP = NO;
				CURRENT_PROJECT_VERSION = 1;
				DEBUG_INFORMATION_FORMAT = "dwarf-with-dsym";
				ENABLE_NS_ASSERTIONS = NO;
				ENABLE_STRICT_OBJC_MSGSEND = YES;
				GCC_C_LANGUAGE_STANDARD = gnu99;
				GCC_NO_COMMON_BLOCKS = YES;
				GCC_WARN_64_TO_32_BIT_CONVERSION = YES;
				GCC_WARN_ABOUT_RETURN_TYPE = YES_ERROR;
				GCC_WARN_UNDECLARED_SELECTOR = YES;
				GCC_WARN_UNINITIALIZED_AUTOS = YES_AGGRESSIVE;
				GCC_WARN_UNUSED_FUNCTION = YES;
				GCC_WARN_UNUSED_VARIABLE = YES;
				IPHONEOS_DEPLOYMENT_TARGET = 10.3;
				MTL_ENABLE_DEBUG_INFO = NO;
				SDKROOT = iphoneos;
				SWIFT_OPTIMIZATION_LEVEL = "-Owholemodule";
				TARGETED_DEVICE_FAMILY = "1,2";
				VALIDATE_PRODUCT = YES;
				VERSIONING_SYSTEM = "apple-generic";
				VERSION_INFO_PREFIX = "";
			};
			name = Release;
		};
		5BD692441ED48E9100A323C6 /* Debug */ = {
			isa = XCBuildConfiguration;
			baseConfigurationReference = 5BD692DA1ED49BF800A323C6 /* PnutKit.xcconfig */;
			buildSettings = {
				CLANG_ENABLE_MODULES = YES;
				DEFINES_MODULE = YES;
				DYLIB_COMPATIBILITY_VERSION = 1;
				DYLIB_CURRENT_VERSION = 1;
				DYLIB_INSTALL_NAME_BASE = "@rpath";
				LD_RUNPATH_SEARCH_PATHS = "$(inherited) @executable_path/Frameworks @loader_path/Frameworks";
				SWIFT_VERSION = 3.0;
			};
			name = Debug;
		};
		5BD692451ED48E9100A323C6 /* Release */ = {
			isa = XCBuildConfiguration;
			baseConfigurationReference = 5BD692DA1ED49BF800A323C6 /* PnutKit.xcconfig */;
			buildSettings = {
				CLANG_ENABLE_MODULES = YES;
				DEFINES_MODULE = YES;
				DYLIB_COMPATIBILITY_VERSION = 1;
				DYLIB_CURRENT_VERSION = 1;
				DYLIB_INSTALL_NAME_BASE = "@rpath";
				LD_RUNPATH_SEARCH_PATHS = "$(inherited) @executable_path/Frameworks @loader_path/Frameworks";
				SWIFT_VERSION = 3.0;
			};
			name = Release;
		};
		5BD692471ED48E9100A323C6 /* Debug */ = {
			isa = XCBuildConfiguration;
			buildSettings = {
				ALWAYS_EMBED_SWIFT_STANDARD_LIBRARIES = YES;
				DEVELOPMENT_TEAM = DQUTMGPMX5;
				INFOPLIST_FILE = PnutKitTests/Info.plist;
				LD_RUNPATH_SEARCH_PATHS = "$(inherited) @executable_path/Frameworks @loader_path/Frameworks";
				PRODUCT_BUNDLE_IDENTIFIER = com.pilgrimagesoftware.lib.PnutKitTests;
				PRODUCT_NAME = "$(TARGET_NAME)";
				SWIFT_VERSION = 3.0;
			};
			name = Debug;
		};
		5BD692481ED48E9100A323C6 /* Release */ = {
			isa = XCBuildConfiguration;
			buildSettings = {
				ALWAYS_EMBED_SWIFT_STANDARD_LIBRARIES = YES;
				DEVELOPMENT_TEAM = DQUTMGPMX5;
				INFOPLIST_FILE = PnutKitTests/Info.plist;
				LD_RUNPATH_SEARCH_PATHS = "$(inherited) @executable_path/Frameworks @loader_path/Frameworks";
				PRODUCT_BUNDLE_IDENTIFIER = com.pilgrimagesoftware.lib.PnutKitTests;
				PRODUCT_NAME = "$(TARGET_NAME)";
				SWIFT_VERSION = 3.0;
			};
			name = Release;
		};
/* End XCBuildConfiguration section */

/* Begin XCConfigurationList section */
		5BD692291ED48E9000A323C6 /* Build configuration list for PBXProject "PnutKit" */ = {
			isa = XCConfigurationList;
			buildConfigurations = (
				5BD692411ED48E9100A323C6 /* Debug */,
				5BD692421ED48E9100A323C6 /* Release */,
			);
			defaultConfigurationIsVisible = 0;
			defaultConfigurationName = Release;
		};
		5BD692431ED48E9100A323C6 /* Build configuration list for PBXNativeTarget "PnutKit" */ = {
			isa = XCConfigurationList;
			buildConfigurations = (
				5BD692441ED48E9100A323C6 /* Debug */,
				5BD692451ED48E9100A323C6 /* Release */,
			);
			defaultConfigurationIsVisible = 0;
			defaultConfigurationName = Release;
		};
		5BD692461ED48E9100A323C6 /* Build configuration list for PBXNativeTarget "PnutKitTests" */ = {
			isa = XCConfigurationList;
			buildConfigurations = (
				5BD692471ED48E9100A323C6 /* Debug */,
				5BD692481ED48E9100A323C6 /* Release */,
			);
			defaultConfigurationIsVisible = 0;
			defaultConfigurationName = Release;
		};
/* End XCConfigurationList section */
	};
	rootObject = 5BD692261ED48E9000A323C6 /* Project object */;
}
